# This is a Gradle generated file for dependency locking.
# Manual edits can break the build and are not advised.
# This file is expected to be part of source control.
ch.qos.logback:logback-classic:1.5.18=compileClasspath,productionRuntimeClasspath,runtimeClasspath,testCompileClasspath,testFixturesCompileClasspath,testFixturesRuntimeClasspath,testRuntimeClasspath
ch.qos.logback:logback-core:1.5.18=compileClasspath,productionRuntimeClasspath,runtimeClasspath,testCompileClasspath,testFixturesCompileClasspath,testFixturesRuntimeClasspath,testRuntimeClasspath
com.adobe.xmp:xmpcore:6.1.11=compileClasspath,productionRuntimeClasspath,runtimeClasspath,testCompileClasspath,testFixturesRuntimeClasspath,testRuntimeClasspath
com.drewnoakes:metadata-extractor:2.19.0=compileClasspath,productionRuntimeClasspath,runtimeClasspath,testCompileClasspath,testFixturesRuntimeClasspath,testRuntimeClasspath
com.fasterxml.jackson.core:jackson-annotations:2.19.2=compileClasspath,productionRuntimeClasspath,runtimeClasspath,testCompileClasspath,testFixturesCompileClasspath,testFixturesRuntimeClasspath,testRuntimeClasspath
com.fasterxml.jackson.core:jackson-core:2.19.2=compileClasspath,productionRuntimeClasspath,runtimeClasspath,testCompileClasspath,testFixturesCompileClasspath,testFixturesRuntimeClasspath,testRuntimeClasspath
com.fasterxml.jackson.core:jackson-databind:2.19.2=compileClasspath,productionRuntimeClasspath,runtimeClasspath,testCompileClasspath,testFixturesCompileClasspath,testFixturesRuntimeClasspath,testRuntimeClasspath
com.fasterxml.jackson.dataformat:jackson-dataformat-yaml:2.19.2=productionRuntimeClasspath,runtimeClasspath,testCompileClasspath,testFixturesRuntimeClasspath,testRuntimeClasspath
com.fasterxml.jackson.datatype:jackson-datatype-hibernate6:2.19.2=compileClasspath,productionRuntimeClasspath,runtimeClasspath,testCompileClasspath,testFixturesCompileClasspath,testFixturesRuntimeClasspath,testRuntimeClasspath
com.fasterxml.jackson.datatype:jackson-datatype-jdk8:2.19.2=compileClasspath,productionRuntimeClasspath,runtimeClasspath,testCompileClasspath,testFixturesCompileClasspath,testFixturesRuntimeClasspath,testRuntimeClasspath
com.fasterxml.jackson.datatype:jackson-datatype-jsr310:2.19.2=compileClasspath,productionRuntimeClasspath,runtimeClasspath,testCompileClasspath,testFixturesCompileClasspath,testFixturesRuntimeClasspath,testRuntimeClasspath
com.fasterxml.jackson.module:jackson-module-parameter-names:2.19.2=compileClasspath,productionRuntimeClasspath,runtimeClasspath,testCompileClasspath,testFixturesCompileClasspath,testFixturesRuntimeClasspath,testRuntimeClasspath
com.fasterxml.jackson:jackson-bom:2.19.2=compileClasspath,productionRuntimeClasspath,runtimeClasspath,testCompileClasspath,testFixturesCompileClasspath,testFixturesRuntimeClasspath,testRuntimeClasspath
com.fasterxml:classmate:1.7.0=annotationProcessor,compileClasspath,productionRuntimeClasspath,runtimeClasspath,testCompileClasspath,testFixturesCompileClasspath,testFixturesRuntimeClasspath,testRuntimeClasspath
com.github.albfernandez:juniversalchardet:2.5.0=productionRuntimeClasspath,runtimeClasspath,testFixturesRuntimeClasspath,testRuntimeClasspath
com.github.curious-odd-man:rgxgen:3.0=compileClasspath,productionRuntimeClasspath,runtimeClasspath,testCompileClasspath,testFixturesCompileClasspath,testFixturesRuntimeClasspath,testRuntimeClasspath
com.github.docker-java:docker-java-api:3.4.2=testCompileClasspath,testFixturesRuntimeClasspath,testRuntimeClasspath
com.github.docker-java:docker-java-transport-zerodep:3.4.2=testCompileClasspath,testFixturesRuntimeClasspath,testRuntimeClasspath
com.github.docker-java:docker-java-transport:3.4.2=testCompileClasspath,testFixturesRuntimeClasspath,testRuntimeClasspath
com.github.gavlyukovskiy:datasource-decorator-spring-boot-autoconfigure:1.12.0=testFixturesRuntimeClasspath,testRuntimeClasspath
com.github.gavlyukovskiy:datasource-proxy-spring-boot-starter:1.12.0=testFixturesRuntimeClasspath,testRuntimeClasspath
com.github.stephenc.jcip:jcip-annotations:1.0-1=productionRuntimeClasspath,runtimeClasspath,testFixturesCompileClasspath,testFixturesRuntimeClasspath,testRuntimeClasspath
com.github.virtuald:curvesapi:1.08=productionRuntimeClasspath,runtimeClasspath,testFixturesRuntimeClasspath,testRuntimeClasspath
com.google.code.findbugs:jsr305:3.0.2=productionRuntimeClasspath,runtimeClasspath,testFixturesRuntimeClasspath,testRuntimeClasspath
com.google.errorprone:error_prone_annotations:2.41.0=productionRuntimeClasspath,runtimeClasspath,testFixturesRuntimeClasspath,testRuntimeClasspath
com.google.guava:failureaccess:1.0.3=productionRuntimeClasspath,runtimeClasspath,testFixturesRuntimeClasspath,testRuntimeClasspath
com.google.guava:guava:33.4.8-jre=productionRuntimeClasspath,runtimeClasspath,testFixturesRuntimeClasspath,testRuntimeClasspath
com.google.guava:listenablefuture:9999.0-empty-to-avoid-conflict-with-guava=productionRuntimeClasspath,runtimeClasspath,testFixturesRuntimeClasspath,testRuntimeClasspath
com.google.j2objc:j2objc-annotations:3.0.0=productionRuntimeClasspath,runtimeClasspath,testFixturesRuntimeClasspath,testRuntimeClasspath
com.googlecode.java-diff-utils:diffutils:1.3.0=testCompileClasspath,testFixturesCompileClasspath,testFixturesRuntimeClasspath,testRuntimeClasspath
com.googlecode.libphonenumber:libphonenumber:9.0.9=compileClasspath,productionRuntimeClasspath,runtimeClasspath,testCompileClasspath,testFixturesCompileClasspath,testFixturesRuntimeClasspath,testRuntimeClasspath
com.h2database:h2:2.3.232=testRuntimeClasspath
com.healthmarketscience.jackcess:jackcess-encrypt:4.0.3=productionRuntimeClasspath,runtimeClasspath,testFixturesRuntimeClasspath,testRuntimeClasspath
com.healthmarketscience.jackcess:jackcess:4.0.8=productionRuntimeClasspath,runtimeClasspath,testFixturesRuntimeClasspath,testRuntimeClasspath
com.jayway.jsonpath:json-path:2.9.0=productionRuntimeClasspath,runtimeClasspath,testCompileClasspath,testFixturesRuntimeClasspath,testRuntimeClasspath
com.nimbusds:content-type:2.2=productionRuntimeClasspath,runtimeClasspath,testFixturesRuntimeClasspath,testRuntimeClasspath
com.nimbusds:lang-tag:1.7=productionRuntimeClasspath,runtimeClasspath,testFixturesRuntimeClasspath,testRuntimeClasspath
com.nimbusds:nimbus-jose-jwt:10.4.1=compileClasspath,productionRuntimeClasspath,runtimeClasspath,testCompileClasspath,testRuntimeClasspath
com.nimbusds:nimbus-jose-jwt:9.37.3=testFixturesCompileClasspath,testFixturesRuntimeClasspath
com.nimbusds:oauth2-oidc-sdk:9.43.6=productionRuntimeClasspath,runtimeClasspath,testFixturesRuntimeClasspath,testRuntimeClasspath
com.opencsv:opencsv:5.9=productionRuntimeClasspath,runtimeClasspath,testCompileClasspath,testFixturesRuntimeClasspath,testRuntimeClasspath
com.pff:java-libpst:0.9.3=productionRuntimeClasspath,runtimeClasspath,testFixturesRuntimeClasspath,testRuntimeClasspath
com.sun.istack:istack-commons-runtime:4.1.2=annotationProcessor,compileClasspath,productionRuntimeClasspath,runtimeClasspath,testCompileClasspath,testFixturesRuntimeClasspath,testRuntimeClasspath
com.tngtech.archunit:archunit-junit5-api:1.4.1=testFixturesRuntimeClasspath,testRuntimeClasspath
com.tngtech.archunit:archunit-junit5-engine-api:1.4.1=testFixturesRuntimeClasspath,testRuntimeClasspath
com.tngtech.archunit:archunit-junit5-engine:1.4.1=testFixturesRuntimeClasspath,testRuntimeClasspath
com.tngtech.archunit:archunit-junit5:1.4.1=testFixturesRuntimeClasspath,testRuntimeClasspath
com.tngtech.archunit:archunit:1.4.1=testFixturesRuntimeClasspath,testRuntimeClasspath
com.vaadin.external.google:android-json:0.0.20131108.vaadin1=testCompileClasspath,testRuntimeClasspath
com.zaxxer:HikariCP:6.3.2=compileClasspath,productionRuntimeClasspath,runtimeClasspath,testCompileClasspath,testFixturesCompileClasspath,testFixturesRuntimeClasspath,testRuntimeClasspath
com.zaxxer:SparseBitSet:1.3=productionRuntimeClasspath,runtimeClasspath,testFixturesRuntimeClasspath,testRuntimeClasspath
commons-codec:commons-codec:1.18.0=productionRuntimeClasspath,runtimeClasspath,testCompileClasspath,testFixturesRuntimeClasspath,testRuntimeClasspath
commons-io:commons-io:2.20.0=compileClasspath,productionRuntimeClasspath,runtimeClasspath,testCompileClasspath,testFixturesRuntimeClasspath,testRuntimeClasspath
commons-logging:commons-logging:1.3.5=compileClasspath,productionRuntimeClasspath,runtimeClasspath,testCompileClasspath,testFixturesRuntimeClasspath,testRuntimeClasspath
de.cronn:commons-lang:1.5=compileClasspath,productionRuntimeClasspath,runtimeClasspath,testCompileClasspath,testFixturesCompileClasspath,testFixturesRuntimeClasspath,testRuntimeClasspath
de.cronn:liquibase-changelog-generator-postgresql:1.0=testCompileClasspath,testRuntimeClasspath
de.cronn:liquibase-changelog-generator:1.0=testCompileClasspath,testRuntimeClasspath
de.cronn:liquibase-postgres-enum-extension:1.1=productionRuntimeClasspath,runtimeClasspath,testFixturesRuntimeClasspath,testRuntimeClasspath
de.cronn:postgres-snapshot-util:1.4=testFixturesRuntimeClasspath,testRuntimeClasspath
de.cronn:reflection-util:2.18.0=compileClasspath,productionRuntimeClasspath,runtimeClasspath,testCompileClasspath,testFixturesRuntimeClasspath,testRuntimeClasspath
de.cronn:test-utils:1.1.1=testCompileClasspath,testFixturesCompileClasspath,testFixturesRuntimeClasspath,testRuntimeClasspath
de.cronn:validation-file-assertions:0.8.0=testCompileClasspath,testFixturesCompileClasspath,testFixturesRuntimeClasspath,testRuntimeClasspath
info.picocli:picocli:4.7.6=compileClasspath,productionRuntimeClasspath,runtimeClasspath,testCompileClasspath,testFixturesRuntimeClasspath,testRuntimeClasspath
io.micrometer:micrometer-commons:1.15.3=compileClasspath,productionRuntimeClasspath,runtimeClasspath,testCompileClasspath,testFixturesCompileClasspath,testFixturesRuntimeClasspath,testRuntimeClasspath
io.micrometer:micrometer-core:1.15.3=compileClasspath,productionRuntimeClasspath,runtimeClasspath,testCompileClasspath,testFixturesCompileClasspath,testFixturesRuntimeClasspath,testRuntimeClasspath
io.micrometer:micrometer-jakarta9:1.15.3=compileClasspath,productionRuntimeClasspath,runtimeClasspath,testCompileClasspath,testFixturesCompileClasspath,testFixturesRuntimeClasspath,testRuntimeClasspath
io.micrometer:micrometer-observation:1.15.3=compileClasspath,productionRuntimeClasspath,runtimeClasspath,testCompileClasspath,testFixturesCompileClasspath,testFixturesRuntimeClasspath,testRuntimeClasspath
io.micrometer:micrometer-registry-prometheus:1.15.3=productionRuntimeClasspath,runtimeClasspath,testFixturesRuntimeClasspath,testRuntimeClasspath
io.prometheus:prometheus-metrics-config:1.3.10=productionRuntimeClasspath,runtimeClasspath,testFixturesRuntimeClasspath,testRuntimeClasspath
io.prometheus:prometheus-metrics-core:1.3.10=productionRuntimeClasspath,runtimeClasspath,testFixturesRuntimeClasspath,testRuntimeClasspath
io.prometheus:prometheus-metrics-exposition-formats:1.3.10=productionRuntimeClasspath,runtimeClasspath,testFixturesRuntimeClasspath,testRuntimeClasspath
io.prometheus:prometheus-metrics-exposition-textformats:1.3.10=productionRuntimeClasspath,runtimeClasspath,testFixturesRuntimeClasspath,testRuntimeClasspath
io.prometheus:prometheus-metrics-model:1.3.10=productionRuntimeClasspath,runtimeClasspath,testFixturesRuntimeClasspath,testRuntimeClasspath
io.prometheus:prometheus-metrics-tracer-common:1.3.10=productionRuntimeClasspath,runtimeClasspath,testFixturesRuntimeClasspath,testRuntimeClasspath
io.smallrye:jandex:3.2.0=annotationProcessor,productionRuntimeClasspath,runtimeClasspath,testFixturesRuntimeClasspath,testRuntimeClasspath
io.swagger.core.v3:swagger-annotations-jakarta:2.2.36=compileClasspath,productionRuntimeClasspath,runtimeClasspath,testCompileClasspath,testFixturesCompileClasspath,testFixturesRuntimeClasspath,testRuntimeClasspath
io.swagger.core.v3:swagger-annotations:2.2.36=productionRuntimeClasspath,runtimeClasspath,testFixturesRuntimeClasspath,testRuntimeClasspath
io.swagger.core.v3:swagger-core-jakarta:2.2.36=productionRuntimeClasspath,runtimeClasspath,testCompileClasspath,testFixturesRuntimeClasspath,testRuntimeClasspath
io.swagger.core.v3:swagger-models-jakarta:2.2.36=productionRuntimeClasspath,runtimeClasspath,testCompileClasspath,testFixturesRuntimeClasspath,testRuntimeClasspath
jakarta.activation:jakarta.activation-api:2.1.3=annotationProcessor,compileClasspath,productionRuntimeClasspath,runtimeClasspath,testCompileClasspath,testFixturesRuntimeClasspath,testRuntimeClasspath
jakarta.annotation:jakarta.annotation-api:2.1.1=annotationProcessor,compileClasspath,productionRuntimeClasspath,runtimeClasspath,testCompileClasspath,testFixturesCompileClasspath,testFixturesRuntimeClasspath,testRuntimeClasspath
jakarta.el:jakarta.el-api:6.0.0=compileClasspath,testCompileClasspath,testFixturesCompileClasspath
jakarta.enterprise:jakarta.enterprise.cdi-api:4.1.0=compileClasspath,testCompileClasspath,testFixturesCompileClasspath
jakarta.enterprise:jakarta.enterprise.lang-model:4.1.0=compileClasspath,testCompileClasspath,testFixturesCompileClasspath
jakarta.inject:jakarta.inject-api:2.0.1=annotationProcessor,compileClasspath,productionRuntimeClasspath,runtimeClasspath,testCompileClasspath,testFixturesCompileClasspath,testFixturesRuntimeClasspath,testRuntimeClasspath
jakarta.interceptor:jakarta.interceptor-api:2.2.0=compileClasspath,testCompileClasspath,testFixturesCompileClasspath
jakarta.persistence:jakarta.persistence-api:3.1.0=annotationProcessor,compileClasspath,productionRuntimeClasspath,runtimeClasspath,testCompileClasspath,testFixturesCompileClasspath,testFixturesRuntimeClasspath,testRuntimeClasspath
jakarta.transaction:jakarta.transaction-api:2.0.1=annotationProcessor,compileClasspath,productionRuntimeClasspath,runtimeClasspath,testCompileClasspath,testFixturesCompileClasspath,testFixturesRuntimeClasspath,testRuntimeClasspath
jakarta.validation:jakarta.validation-api:3.0.2=annotationProcessor,compileClasspath,productionRuntimeClasspath,runtimeClasspath,testCompileClasspath,testFixturesCompileClasspath,testFixturesRuntimeClasspath,testRuntimeClasspath
jakarta.xml.bind:jakarta.xml.bind-api:4.0.2=annotationProcessor,compileClasspath,productionRuntimeClasspath,runtimeClasspath,testCompileClasspath,testFixturesRuntimeClasspath,testRuntimeClasspath
javax.xml.bind:jaxb-api:2.3.1=productionRuntimeClasspath,runtimeClasspath,testCompileClasspath,testFixturesRuntimeClasspath,testRuntimeClasspath
junit:junit:4.13.2=testCompileClasspath,testFixturesRuntimeClasspath,testRuntimeClasspath
net.bytebuddy:byte-buddy-agent:1.17.7=testCompileClasspath,testRuntimeClasspath
net.bytebuddy:byte-buddy:1.17.7=annotationProcessor,productionRuntimeClasspath,runtimeClasspath,testCompileClasspath,testFixturesCompileClasspath,testFixturesRuntimeClasspath,testRuntimeClasspath
net.datafaker:datafaker:2.4.4=compileClasspath,productionRuntimeClasspath,runtimeClasspath,testCompileClasspath,testFixturesCompileClasspath,testFixturesRuntimeClasspath,testRuntimeClasspath
net.java.dev.jna:jna:5.17.0=testCompileClasspath,testFixturesRuntimeClasspath,testRuntimeClasspath
net.java.dev.stax-utils:stax-utils:20070216=compileClasspath,productionRuntimeClasspath,runtimeClasspath,testCompileClasspath,testFixturesRuntimeClasspath,testRuntimeClasspath
net.javacrumbs.shedlock:shedlock-core:6.10.0=compileClasspath,productionRuntimeClasspath,runtimeClasspath,testCompileClasspath,testFixturesRuntimeClasspath,testRuntimeClasspath
net.javacrumbs.shedlock:shedlock-provider-jdbc-template:6.10.0=productionRuntimeClasspath,runtimeClasspath,testFixturesRuntimeClasspath,testRuntimeClasspath
net.javacrumbs.shedlock:shedlock-spring:6.10.0=compileClasspath,productionRuntimeClasspath,runtimeClasspath,testCompileClasspath,testFixturesRuntimeClasspath,testRuntimeClasspath
net.minidev:accessors-smart:2.5.2=productionRuntimeClasspath,runtimeClasspath,testCompileClasspath,testFixturesRuntimeClasspath,testRuntimeClasspath
net.minidev:json-smart:2.5.2=productionRuntimeClasspath,runtimeClasspath,testCompileClasspath,testFixturesRuntimeClasspath,testRuntimeClasspath
net.ttddyy:datasource-proxy:1.11.0=testFixturesRuntimeClasspath,testRuntimeClasspath
org.antlr:antlr4-runtime:4.13.0=annotationProcessor,compileClasspath,productionRuntimeClasspath,runtimeClasspath,testCompileClasspath,testFixturesCompileClasspath,testFixturesRuntimeClasspath,testRuntimeClasspath
org.apache.commons:commons-collections4:4.5.0=productionRuntimeClasspath,runtimeClasspath,testCompileClasspath,testFixturesRuntimeClasspath,testRuntimeClasspath
org.apache.commons:commons-compress:1.28.0=productionRuntimeClasspath,runtimeClasspath,testCompileClasspath,testFixturesRuntimeClasspath,testRuntimeClasspath
org.apache.commons:commons-csv:1.14.1=productionRuntimeClasspath,runtimeClasspath,testFixturesRuntimeClasspath,testRuntimeClasspath
org.apache.commons:commons-lang3:3.17.0=compileClasspath,productionRuntimeClasspath,runtimeClasspath,testCompileClasspath,testFixturesCompileClasspath,testFixturesRuntimeClasspath,testRuntimeClasspath
org.apache.commons:commons-math3:3.6.1=productionRuntimeClasspath,runtimeClasspath,testFixturesRuntimeClasspath,testRuntimeClasspath
org.apache.commons:commons-text:1.14.0=compileClasspath,productionRuntimeClasspath,runtimeClasspath,testCompileClasspath,testFixturesRuntimeClasspath,testRuntimeClasspath
org.apache.httpcomponents.client5:httpclient5:5.5=productionRuntimeClasspath,runtimeClasspath,testFixturesRuntimeClasspath,testRuntimeClasspath
org.apache.httpcomponents.core5:httpcore5-h2:5.3.4=productionRuntimeClasspath,runtimeClasspath,testFixturesRuntimeClasspath,testRuntimeClasspath
org.apache.httpcomponents.core5:httpcore5:5.3.4=productionRuntimeClasspath,runtimeClasspath,testFixturesRuntimeClasspath,testRuntimeClasspath
org.apache.james:apache-mime4j-core:0.8.13=productionRuntimeClasspath,runtimeClasspath,testFixturesRuntimeClasspath,testRuntimeClasspath
org.apache.james:apache-mime4j-dom:0.8.13=productionRuntimeClasspath,runtimeClasspath,testFixturesRuntimeClasspath,testRuntimeClasspath
org.apache.logging.log4j:log4j-api:2.24.3=compileClasspath,productionRuntimeClasspath,runtimeClasspath,testCompileClasspath,testFixturesCompileClasspath,testFixturesRuntimeClasspath,testRuntimeClasspath
org.apache.logging.log4j:log4j-to-slf4j:2.24.3=compileClasspath,productionRuntimeClasspath,runtimeClasspath,testCompileClasspath,testFixturesCompileClasspath,testFixturesRuntimeClasspath,testRuntimeClasspath
org.apache.pdfbox:fontbox:3.0.5=compileClasspath,productionRuntimeClasspath,runtimeClasspath,testCompileClasspath,testFixturesRuntimeClasspath,testRuntimeClasspath
org.apache.pdfbox:jempbox:1.8.17=compileClasspath,productionRuntimeClasspath,runtimeClasspath,testCompileClasspath,testFixturesRuntimeClasspath,testRuntimeClasspath
org.apache.pdfbox:pdfbox-io:3.0.5=compileClasspath,productionRuntimeClasspath,runtimeClasspath,testCompileClasspath,testFixturesRuntimeClasspath,testRuntimeClasspath
org.apache.pdfbox:pdfbox-tools:3.0.5=compileClasspath,productionRuntimeClasspath,runtimeClasspath,testCompileClasspath,testFixturesRuntimeClasspath,testRuntimeClasspath
org.apache.pdfbox:pdfbox:3.0.5=compileClasspath,productionRuntimeClasspath,runtimeClasspath,testCompileClasspath,testFixturesRuntimeClasspath,testRuntimeClasspath
org.apache.pdfbox:xmpbox:3.0.5=compileClasspath,productionRuntimeClasspath,runtimeClasspath,testCompileClasspath,testFixturesRuntimeClasspath,testRuntimeClasspath
org.apache.poi:poi-ooxml-lite:5.4.1=productionRuntimeClasspath,runtimeClasspath,testFixturesRuntimeClasspath,testRuntimeClasspath
org.apache.poi:poi-ooxml:5.4.1=productionRuntimeClasspath,runtimeClasspath,testFixturesRuntimeClasspath,testRuntimeClasspath
org.apache.poi:poi-scratchpad:5.4.1=productionRuntimeClasspath,runtimeClasspath,testFixturesRuntimeClasspath,testRuntimeClasspath
org.apache.poi:poi:5.4.1=productionRuntimeClasspath,runtimeClasspath,testFixturesRuntimeClasspath,testRuntimeClasspath
org.apache.tika:tika-bom:3.2.2=compileClasspath,productionRuntimeClasspath,runtimeClasspath,testCompileClasspath,testFixturesRuntimeClasspath,testRuntimeClasspath
org.apache.tika:tika-core:3.2.2=compileClasspath,productionRuntimeClasspath,runtimeClasspath,testCompileClasspath,testFixturesRuntimeClasspath,testRuntimeClasspath
org.apache.tika:tika-parser-html-module:3.2.2=productionRuntimeClasspath,runtimeClasspath,testFixturesRuntimeClasspath,testRuntimeClasspath
org.apache.tika:tika-parser-mail-commons:3.2.2=productionRuntimeClasspath,runtimeClasspath,testFixturesRuntimeClasspath,testRuntimeClasspath
org.apache.tika:tika-parser-microsoft-module:3.2.2=productionRuntimeClasspath,runtimeClasspath,testFixturesRuntimeClasspath,testRuntimeClasspath
org.apache.tika:tika-parser-pdf-module:3.2.2=compileClasspath,productionRuntimeClasspath,runtimeClasspath,testCompileClasspath,testFixturesRuntimeClasspath,testRuntimeClasspath
org.apache.tika:tika-parser-text-module:3.2.2=productionRuntimeClasspath,runtimeClasspath,testFixturesRuntimeClasspath,testRuntimeClasspath
org.apache.tika:tika-parser-xml-module:3.2.2=productionRuntimeClasspath,runtimeClasspath,testFixturesRuntimeClasspath,testRuntimeClasspath
org.apache.tika:tika-parser-xmp-commons:3.2.2=compileClasspath,productionRuntimeClasspath,runtimeClasspath,testCompileClasspath,testFixturesRuntimeClasspath,testRuntimeClasspath
org.apache.tika:tika-parser-zip-commons:3.2.2=productionRuntimeClasspath,runtimeClasspath,testFixturesRuntimeClasspath,testRuntimeClasspath
org.apache.tomcat.embed:tomcat-embed-core:10.1.44=compileClasspath,productionRuntimeClasspath,runtimeClasspath,testCompileClasspath,testFixturesCompileClasspath,testFixturesRuntimeClasspath,testRuntimeClasspath
org.apache.tomcat.embed:tomcat-embed-el:10.1.44=compileClasspath,productionRuntimeClasspath,runtimeClasspath,testCompileClasspath,testFixturesCompileClasspath,testFixturesRuntimeClasspath,testRuntimeClasspath
org.apache.tomcat.embed:tomcat-embed-websocket:10.1.44=compileClasspath,productionRuntimeClasspath,runtimeClasspath,testCompileClasspath,testFixturesCompileClasspath,testFixturesRuntimeClasspath,testRuntimeClasspath
org.apache.tomcat:tomcat-annotations-api:10.1.44=productionRuntimeClasspath,runtimeClasspath,testFixturesRuntimeClasspath,testRuntimeClasspath
org.apache.xmlbeans:xmlbeans:5.3.0=productionRuntimeClasspath,runtimeClasspath,testFixturesRuntimeClasspath,testRuntimeClasspath
org.apiguardian:apiguardian-api:1.1.2=productionRuntimeClasspath,runtimeClasspath,testCompileClasspath,testFixturesCompileClasspath,testFixturesRuntimeClasspath,testRuntimeClasspath
org.aspectj:aspectjweaver:1.9.24=compileClasspath,productionRuntimeClasspath,runtimeClasspath,testCompileClasspath,testFixturesCompileClasspath,testFixturesRuntimeClasspath,testRuntimeClasspath
org.assertj:assertj-core:3.27.4=testCompileClasspath,testFixturesCompileClasspath,testFixturesRuntimeClasspath,testRuntimeClasspath
org.awaitility:awaitility:4.2.2=testCompileClasspath,testRuntimeClasspath
org.bouncycastle:bcjmail-jdk18on:1.81=compileClasspath,productionRuntimeClasspath,runtimeClasspath,testCompileClasspath,testFixturesRuntimeClasspath,testRuntimeClasspath
org.bouncycastle:bcmail-jdk18on:1.81=compileClasspath,productionRuntimeClasspath,runtimeClasspath,testCompileClasspath,testFixturesRuntimeClasspath,testRuntimeClasspath
org.bouncycastle:bcpkix-jdk18on:1.81=compileClasspath,productionRuntimeClasspath,runtimeClasspath,testCompileClasspath,testFixturesRuntimeClasspath,testRuntimeClasspath
org.bouncycastle:bcprov-jdk18on:1.81=compileClasspath,productionRuntimeClasspath,runtimeClasspath,testCompileClasspath,testFixturesRuntimeClasspath,testRuntimeClasspath
org.bouncycastle:bcutil-jdk18on:1.81=compileClasspath,productionRuntimeClasspath,runtimeClasspath,testCompileClasspath,testFixturesRuntimeClasspath,testRuntimeClasspath
org.checkerframework:checker-qual:3.49.3=testFixturesRuntimeClasspath,testRuntimeClasspath
org.eclipse.angus:angus-activation:2.0.2=annotationProcessor,productionRuntimeClasspath,runtimeClasspath,testFixturesRuntimeClasspath,testRuntimeClasspath
org.eclipse.angus:jakarta.mail:2.0.4=compileClasspath,productionRuntimeClasspath,runtimeClasspath,testCompileClasspath,testFixturesRuntimeClasspath,testRuntimeClasspath
org.glassfish.jaxb:jaxb-core:4.0.5=annotationProcessor,compileClasspath,productionRuntimeClasspath,runtimeClasspath,testCompileClasspath,testFixturesRuntimeClasspath,testRuntimeClasspath
org.glassfish.jaxb:jaxb-runtime:4.0.5=annotationProcessor,compileClasspath,productionRuntimeClasspath,runtimeClasspath,testCompileClasspath,testFixturesRuntimeClasspath,testRuntimeClasspath
org.glassfish.jaxb:txw2:4.0.5=annotationProcessor,compileClasspath,productionRuntimeClasspath,runtimeClasspath,testCompileClasspath,testFixturesRuntimeClasspath,testRuntimeClasspath
org.hamcrest:hamcrest-core:3.0=testCompileClasspath,testFixturesRuntimeClasspath,testRuntimeClasspath
org.hamcrest:hamcrest:3.0=testCompileClasspath,testFixturesRuntimeClasspath,testRuntimeClasspath
org.hdrhistogram:HdrHistogram:2.2.2=productionRuntimeClasspath,runtimeClasspath,testFixturesRuntimeClasspath,testRuntimeClasspath
org.hibernate.common:hibernate-commons-annotations:7.0.3.Final=annotationProcessor,productionRuntimeClasspath,runtimeClasspath,testFixturesRuntimeClasspath,testRuntimeClasspath
org.hibernate.orm:hibernate-core:6.6.26.Final=annotationProcessor,compileClasspath,productionRuntimeClasspath,runtimeClasspath,testCompileClasspath,testFixturesCompileClasspath,testFixturesRuntimeClasspath,testRuntimeClasspath
org.hibernate.orm:hibernate-envers:6.6.26.Final=compileClasspath,productionRuntimeClasspath,runtimeClasspath,testCompileClasspath,testFixturesCompileClasspath,testFixturesRuntimeClasspath,testRuntimeClasspath
org.hibernate.orm:hibernate-jpamodelgen:6.6.26.Final=annotationProcessor
org.hibernate.validator:hibernate-validator:8.0.3.Final=compileClasspath,productionRuntimeClasspath,runtimeClasspath,testCompileClasspath,testFixturesCompileClasspath,testFixturesRuntimeClasspath,testRuntimeClasspath
org.instancio:instancio-core:5.5.1=testCompileClasspath,testRuntimeClasspath
org.jacoco:org.jacoco.agent:0.8.13=jacocoAgent,jacocoAnt
org.jacoco:org.jacoco.ant:0.8.13=jacocoAnt
org.jacoco:org.jacoco.core:0.8.13=jacocoAnt
org.jacoco:org.jacoco.report:0.8.13=jacocoAnt
org.jboss.logging:jboss-logging:3.6.1.Final=annotationProcessor,compileClasspath,productionRuntimeClasspath,runtimeClasspath,testCompileClasspath,testFixturesCompileClasspath,testFixturesRuntimeClasspath,testRuntimeClasspath
org.jetbrains:annotations:17.0.0=testCompileClasspath,testFixturesRuntimeClasspath,testRuntimeClasspath
org.jsoup:jsoup:1.21.1=productionRuntimeClasspath,runtimeClasspath,testFixturesRuntimeClasspath,testRuntimeClasspath
org.jspecify:jspecify:1.0.0=productionRuntimeClasspath,runtimeClasspath,testFixturesRuntimeClasspath,testRuntimeClasspath
org.junit.jupiter:junit-jupiter-api:5.12.2=testCompileClasspath,testFixturesCompileClasspath,testFixturesRuntimeClasspath,testRuntimeClasspath
org.junit.jupiter:junit-jupiter-engine:5.12.2=testRuntimeClasspath
org.junit.jupiter:junit-jupiter-params:5.12.2=testCompileClasspath,testRuntimeClasspath
org.junit.jupiter:junit-jupiter:5.12.2=testCompileClasspath,testRuntimeClasspath
org.junit.platform:junit-platform-commons:1.12.2=testCompileClasspath,testFixturesCompileClasspath,testFixturesRuntimeClasspath,testRuntimeClasspath
org.junit.platform:junit-platform-engine:1.12.2=testFixturesRuntimeClasspath,testRuntimeClasspath
org.junit.platform:junit-platform-launcher:1.12.2=testRuntimeClasspath
org.junit:junit-bom:5.12.2=testCompileClasspath,testFixturesCompileClasspath,testFixturesRuntimeClasspath,testRuntimeClasspath
org.latencyutils:LatencyUtils:2.0.3=productionRuntimeClasspath,runtimeClasspath,testFixturesRuntimeClasspath,testRuntimeClasspath
org.liquibase:liquibase-core:4.31.1=productionRuntimeClasspath,runtimeClasspath,testCompileClasspath,testFixturesRuntimeClasspath,testRuntimeClasspath
org.mockito:mockito-core:5.17.0=testCompileClasspath,testRuntimeClasspath
org.mockito:mockito-junit-jupiter:5.17.0=testCompileClasspath,testRuntimeClasspath
org.mozilla:rhino:1.7.13=compileClasspath,productionRuntimeClasspath,runtimeClasspath,testCompileClasspath,testFixturesRuntimeClasspath,testRuntimeClasspath
org.objenesis:objenesis:3.4=productionRuntimeClasspath,runtimeClasspath,testFixturesRuntimeClasspath,testRuntimeClasspath
org.openapitools:jackson-databind-nullable:0.2.7=compileClasspath,productionRuntimeClasspath,runtimeClasspath,testCompileClasspath,testFixturesCompileClasspath,testFixturesRuntimeClasspath,testRuntimeClasspath
org.opentest4j:opentest4j:1.3.0=testCompileClasspath,testFixturesCompileClasspath,testFixturesRuntimeClasspath,testRuntimeClasspath
org.ow2.asm:asm-commons:9.8=jacocoAnt
org.ow2.asm:asm-tree:9.8=jacocoAnt
org.ow2.asm:asm:9.7.1=productionRuntimeClasspath,runtimeClasspath,testCompileClasspath,testFixturesRuntimeClasspath,testRuntimeClasspath
org.ow2.asm:asm:9.8=jacocoAnt
org.postgresql:postgresql:42.7.7=testFixturesRuntimeClasspath,testRuntimeClasspath
org.rnorth.duct-tape:duct-tape:1.0.8=testCompileClasspath,testFixturesRuntimeClasspath,testRuntimeClasspath
org.skyscreamer:jsonassert:1.5.3=testCompileClasspath,testRuntimeClasspath
org.slf4j:jul-to-slf4j:2.0.17=compileClasspath,productionRuntimeClasspath,runtimeClasspath,testCompileClasspath,testFixturesCompileClasspath,testFixturesRuntimeClasspath,testRuntimeClasspath
org.slf4j:slf4j-api:2.0.17=compileClasspath,productionRuntimeClasspath,runtimeClasspath,testCompileClasspath,testFixturesCompileClasspath,testFixturesRuntimeClasspath,testRuntimeClasspath
org.springdoc:springdoc-openapi-starter-common:2.8.12=productionRuntimeClasspath,runtimeClasspath,testCompileClasspath,testFixturesRuntimeClasspath,testRuntimeClasspath
org.springdoc:springdoc-openapi-starter-webmvc-api:2.8.12=testCompileClasspath,testRuntimeClasspath
org.springframework.boot:spring-boot-actuator-autoconfigure:3.5.5=compileClasspath,productionRuntimeClasspath,runtimeClasspath,testCompileClasspath,testFixturesCompileClasspath,testFixturesRuntimeClasspath,testRuntimeClasspath
org.springframework.boot:spring-boot-actuator:3.5.5=compileClasspath,productionRuntimeClasspath,runtimeClasspath,testCompileClasspath,testFixturesCompileClasspath,testFixturesRuntimeClasspath,testRuntimeClasspath
org.springframework.boot:spring-boot-autoconfigure:3.5.5=compileClasspath,productionRuntimeClasspath,runtimeClasspath,testCompileClasspath,testFixturesCompileClasspath,testFixturesRuntimeClasspath,testRuntimeClasspath
org.springframework.boot:spring-boot-dependencies:3.5.3=testFixturesRuntimeClasspath,testRuntimeClasspath
org.springframework.boot:spring-boot-starter-actuator:3.5.5=compileClasspath,productionRuntimeClasspath,runtimeClasspath,testCompileClasspath,testFixturesCompileClasspath,testFixturesRuntimeClasspath,testRuntimeClasspath
org.springframework.boot:spring-boot-starter-data-jpa:3.5.5=compileClasspath,productionRuntimeClasspath,runtimeClasspath,testCompileClasspath,testFixturesCompileClasspath,testFixturesRuntimeClasspath,testRuntimeClasspath
org.springframework.boot:spring-boot-starter-jdbc:3.5.5=compileClasspath,productionRuntimeClasspath,runtimeClasspath,testCompileClasspath,testFixturesCompileClasspath,testFixturesRuntimeClasspath,testRuntimeClasspath
org.springframework.boot:spring-boot-starter-json:3.5.5=compileClasspath,productionRuntimeClasspath,runtimeClasspath,testCompileClasspath,testFixturesCompileClasspath,testFixturesRuntimeClasspath,testRuntimeClasspath
org.springframework.boot:spring-boot-starter-logging:3.5.5=compileClasspath,productionRuntimeClasspath,runtimeClasspath,testCompileClasspath,testFixturesCompileClasspath,testFixturesRuntimeClasspath,testRuntimeClasspath
org.springframework.boot:spring-boot-starter-oauth2-client:3.5.5=productionRuntimeClasspath,runtimeClasspath,testFixturesRuntimeClasspath,testRuntimeClasspath
org.springframework.boot:spring-boot-starter-oauth2-resource-server:3.5.5=compileClasspath,productionRuntimeClasspath,runtimeClasspath,testCompileClasspath,testFixturesCompileClasspath,testFixturesRuntimeClasspath,testRuntimeClasspath
org.springframework.boot:spring-boot-starter-security:3.5.5=compileClasspath,productionRuntimeClasspath,runtimeClasspath,testCompileClasspath,testFixturesCompileClasspath,testFixturesRuntimeClasspath,testRuntimeClasspath
org.springframework.boot:spring-boot-starter-test:3.5.5=testCompileClasspath,testRuntimeClasspath
org.springframework.boot:spring-boot-starter-tomcat:3.5.5=compileClasspath,productionRuntimeClasspath,runtimeClasspath,testCompileClasspath,testFixturesCompileClasspath,testFixturesRuntimeClasspath,testRuntimeClasspath
org.springframework.boot:spring-boot-starter-validation:3.5.5=compileClasspath,productionRuntimeClasspath,runtimeClasspath,testCompileClasspath,testFixturesCompileClasspath,testFixturesRuntimeClasspath,testRuntimeClasspath
org.springframework.boot:spring-boot-starter-web:3.5.5=compileClasspath,productionRuntimeClasspath,runtimeClasspath,testCompileClasspath,testFixturesCompileClasspath,testFixturesRuntimeClasspath,testRuntimeClasspath
org.springframework.boot:spring-boot-starter:3.5.5=compileClasspath,productionRuntimeClasspath,runtimeClasspath,testCompileClasspath,testFixturesCompileClasspath,testFixturesRuntimeClasspath,testRuntimeClasspath
org.springframework.boot:spring-boot-test-autoconfigure:3.5.5=testCompileClasspath,testRuntimeClasspath
org.springframework.boot:spring-boot-test:3.5.5=testCompileClasspath,testFixturesCompileClasspath,testFixturesRuntimeClasspath,testRuntimeClasspath
org.springframework.boot:spring-boot-testcontainers:3.5.5=testCompileClasspath,testRuntimeClasspath
org.springframework.boot:spring-boot:3.5.5=compileClasspath,productionRuntimeClasspath,runtimeClasspath,testCompileClasspath,testFixturesCompileClasspath,testFixturesRuntimeClasspath,testRuntimeClasspath
org.springframework.data:spring-data-commons:3.5.3=compileClasspath,productionRuntimeClasspath,runtimeClasspath,testCompileClasspath,testFixturesCompileClasspath,testFixturesRuntimeClasspath,testRuntimeClasspath
org.springframework.data:spring-data-jpa:3.5.3=compileClasspath,productionRuntimeClasspath,runtimeClasspath,testCompileClasspath,testFixturesCompileClasspath,testFixturesRuntimeClasspath,testRuntimeClasspath
org.springframework.security:spring-security-config:6.5.3=compileClasspath,productionRuntimeClasspath,runtimeClasspath,testCompileClasspath,testFixturesCompileClasspath,testFixturesRuntimeClasspath,testRuntimeClasspath
org.springframework.security:spring-security-core:6.5.3=compileClasspath,productionRuntimeClasspath,runtimeClasspath,testCompileClasspath,testFixturesCompileClasspath,testFixturesRuntimeClasspath,testRuntimeClasspath
org.springframework.security:spring-security-crypto:6.5.3=compileClasspath,productionRuntimeClasspath,runtimeClasspath,testCompileClasspath,testFixturesCompileClasspath,testFixturesRuntimeClasspath,testRuntimeClasspath
org.springframework.security:spring-security-oauth2-client:6.5.3=productionRuntimeClasspath,runtimeClasspath,testFixturesRuntimeClasspath,testRuntimeClasspath
org.springframework.security:spring-security-oauth2-core:6.5.3=compileClasspath,productionRuntimeClasspath,runtimeClasspath,testCompileClasspath,testFixturesCompileClasspath,testFixturesRuntimeClasspath,testRuntimeClasspath
org.springframework.security:spring-security-oauth2-jose:6.5.3=compileClasspath,productionRuntimeClasspath,runtimeClasspath,testCompileClasspath,testFixturesCompileClasspath,testFixturesRuntimeClasspath,testRuntimeClasspath
org.springframework.security:spring-security-oauth2-resource-server:6.5.3=compileClasspath,productionRuntimeClasspath,runtimeClasspath,testCompileClasspath,testFixturesCompileClasspath,testFixturesRuntimeClasspath,testRuntimeClasspath
org.springframework.security:spring-security-test:6.5.3=testCompileClasspath,testRuntimeClasspath
org.springframework.security:spring-security-web:6.5.3=compileClasspath,productionRuntimeClasspath,runtimeClasspath,testCompileClasspath,testFixturesCompileClasspath,testFixturesRuntimeClasspath,testRuntimeClasspath
org.springframework:spring-aop:6.2.10=compileClasspath,productionRuntimeClasspath,runtimeClasspath,testCompileClasspath,testFixturesCompileClasspath,testFixturesRuntimeClasspath,testRuntimeClasspath
org.springframework:spring-aspects:6.2.10=compileClasspath,productionRuntimeClasspath,runtimeClasspath,testCompileClasspath,testFixturesCompileClasspath,testFixturesRuntimeClasspath,testRuntimeClasspath
org.springframework:spring-beans:6.2.10=compileClasspath,productionRuntimeClasspath,runtimeClasspath,testCompileClasspath,testFixturesCompileClasspath,testFixturesRuntimeClasspath,testRuntimeClasspath
org.springframework:spring-context:6.2.10=compileClasspath,productionRuntimeClasspath,runtimeClasspath,testCompileClasspath,testFixturesCompileClasspath,testFixturesRuntimeClasspath,testRuntimeClasspath
org.springframework:spring-core:6.2.10=compileClasspath,productionRuntimeClasspath,runtimeClasspath,testCompileClasspath,testFixturesCompileClasspath,testFixturesRuntimeClasspath,testRuntimeClasspath
org.springframework:spring-expression:6.2.10=compileClasspath,productionRuntimeClasspath,runtimeClasspath,testCompileClasspath,testFixturesCompileClasspath,testFixturesRuntimeClasspath,testRuntimeClasspath
org.springframework:spring-jcl:6.2.10=compileClasspath,productionRuntimeClasspath,runtimeClasspath,testCompileClasspath,testFixturesCompileClasspath,testFixturesRuntimeClasspath,testRuntimeClasspath
org.springframework:spring-jdbc:6.2.10=compileClasspath,productionRuntimeClasspath,runtimeClasspath,testCompileClasspath,testFixturesCompileClasspath,testFixturesRuntimeClasspath,testRuntimeClasspath
org.springframework:spring-orm:6.2.10=compileClasspath,productionRuntimeClasspath,runtimeClasspath,testCompileClasspath,testFixturesCompileClasspath,testFixturesRuntimeClasspath,testRuntimeClasspath
org.springframework:spring-test:6.2.10=testCompileClasspath,testFixturesCompileClasspath,testFixturesRuntimeClasspath,testRuntimeClasspath
org.springframework:spring-tx:6.2.10=compileClasspath,productionRuntimeClasspath,runtimeClasspath,testCompileClasspath,testFixturesCompileClasspath,testFixturesRuntimeClasspath,testRuntimeClasspath
org.springframework:spring-web:6.2.10=compileClasspath,productionRuntimeClasspath,runtimeClasspath,testCompileClasspath,testFixturesCompileClasspath,testFixturesRuntimeClasspath,testRuntimeClasspath
org.springframework:spring-webmvc:6.2.10=compileClasspath,productionRuntimeClasspath,runtimeClasspath,testCompileClasspath,testFixturesCompileClasspath,testFixturesRuntimeClasspath,testRuntimeClasspath
org.testcontainers:database-commons:1.21.3=testRuntimeClasspath
org.testcontainers:jdbc:1.21.3=testRuntimeClasspath
org.testcontainers:postgresql:1.21.3=testRuntimeClasspath
org.testcontainers:testcontainers:1.21.3=testCompileClasspath,testFixturesRuntimeClasspath,testRuntimeClasspath
org.verapdf:core-jakarta:1.28.2=compileClasspath,productionRuntimeClasspath,runtimeClasspath,testCompileClasspath,testFixturesRuntimeClasspath,testRuntimeClasspath
org.verapdf:feature-reporting-jakarta:1.28.2=compileClasspath,productionRuntimeClasspath,runtimeClasspath,testCompileClasspath,testFixturesRuntimeClasspath,testRuntimeClasspath
org.verapdf:metadata-fixer-jakarta:1.28.2=compileClasspath,productionRuntimeClasspath,runtimeClasspath,testCompileClasspath,testFixturesRuntimeClasspath,testRuntimeClasspath
org.verapdf:parser:1.28.2=compileClasspath,productionRuntimeClasspath,runtimeClasspath,testCompileClasspath,testFixturesRuntimeClasspath,testRuntimeClasspath
org.verapdf:pdf-model:1.28.2=compileClasspath,productionRuntimeClasspath,runtimeClasspath,testCompileClasspath,testFixturesRuntimeClasspath,testRuntimeClasspath
org.verapdf:validation-model-jakarta:1.28.2=compileClasspath,productionRuntimeClasspath,runtimeClasspath,testCompileClasspath,testFixturesRuntimeClasspath,testRuntimeClasspath
org.verapdf:verapdf-xmp-core-jakarta:1.28.2=compileClasspath,productionRuntimeClasspath,runtimeClasspath,testCompileClasspath,testFixturesRuntimeClasspath,testRuntimeClasspath
org.xmlunit:xmlunit-core:2.10.3=testCompileClasspath,testRuntimeClasspath
org.yaml:snakeyaml:2.4=compileClasspath,productionRuntimeClasspath,runtimeClasspath,testCompileClasspath,testFixturesCompileClasspath,testFixturesRuntimeClasspath,testRuntimeClasspath
org.zalando:faux-pas:0.9.0=productionRuntimeClasspath,runtimeClasspath,testFixturesRuntimeClasspath,testRuntimeClasspath
org.zalando:logbook-api:3.12.3=productionRuntimeClasspath,runtimeClasspath,testFixturesRuntimeClasspath,testRuntimeClasspath
org.zalando:logbook-common:3.12.3=productionRuntimeClasspath,runtimeClasspath,testFixturesRuntimeClasspath,testRuntimeClasspath
org.zalando:logbook-core:3.12.3=productionRuntimeClasspath,runtimeClasspath,testFixturesRuntimeClasspath,testRuntimeClasspath
org.zalando:logbook-httpclient5:3.12.3=productionRuntimeClasspath,runtimeClasspath,testFixturesRuntimeClasspath,testRuntimeClasspath
org.zalando:logbook-json:3.12.3=productionRuntimeClasspath,runtimeClasspath,testFixturesRuntimeClasspath,testRuntimeClasspath
org.zalando:logbook-servlet:3.12.3=productionRuntimeClasspath,runtimeClasspath,testFixturesRuntimeClasspath,testRuntimeClasspath
org.zalando:logbook-spring-boot-autoconfigure:3.12.3=productionRuntimeClasspath,runtimeClasspath,testFixturesRuntimeClasspath,testRuntimeClasspath
org.zalando:logbook-spring-boot-starter:3.12.3=productionRuntimeClasspath,runtimeClasspath,testFixturesRuntimeClasspath,testRuntimeClasspath
org.zalando:logbook-spring:3.12.3=productionRuntimeClasspath,runtimeClasspath,testFixturesRuntimeClasspath,testRuntimeClasspath
empty=developmentOnly,testAndDevelopmentOnly,testAnnotationProcessor,testFixturesAnnotationProcessor
