# This is a Gradle generated file for dependency locking.
# Manual edits can break the build and are not advised.
# This file is expected to be part of source control.
ch.qos.logback:logback-classic:1.5.12=testCompileClasspath,testRuntimeClasspath
ch.qos.logback:logback-core:1.5.12=testCompileClasspath,testRuntimeClasspath
com.fasterxml.jackson.core:jackson-annotations:2.18.2=compileClasspath,productionRuntimeClasspath,runtimeClasspath,testCompileClasspath,testFixturesCompileClasspath,testFixturesRuntimeClasspath,testRuntimeClasspath
com.fasterxml.jackson.core:jackson-core:2.18.2=productionRuntimeClasspath,runtimeClasspath,testFixturesCompileClasspath,testFixturesRuntimeClasspath,testRuntimeClasspath
com.fasterxml.jackson.core:jackson-databind:2.18.2=productionRuntimeClasspath,runtimeClasspath,testFixturesCompileClasspath,testFixturesRuntimeClasspath,testRuntimeClasspath
com.fasterxml.jackson.dataformat:jackson-dataformat-yaml:2.18.2=productionRuntimeClasspath,runtimeClasspath,testFixturesRuntimeClasspath,testRuntimeClasspath
com.fasterxml.jackson.datatype:jackson-datatype-jsr310:2.18.2=productionRuntimeClasspath,runtimeClasspath,testFixturesRuntimeClasspath,testRuntimeClasspath
com.fasterxml.jackson:jackson-bom:2.18.2=compileClasspath,productionRuntimeClasspath,runtimeClasspath,testCompileClasspath,testFixturesCompileClasspath,testFixturesRuntimeClasspath,testRuntimeClasspath
com.google.code.findbugs:jsr305:3.0.2=testFixturesRuntimeClasspath,testRuntimeClasspath
com.google.errorprone:error_prone_annotations:2.28.0=testFixturesRuntimeClasspath,testRuntimeClasspath
com.google.guava:failureaccess:1.0.2=testFixturesRuntimeClasspath,testRuntimeClasspath
com.google.guava:guava:33.3.1-jre=testFixturesRuntimeClasspath,testRuntimeClasspath
com.google.guava:listenablefuture:9999.0-empty-to-avoid-conflict-with-guava=testFixturesRuntimeClasspath,testRuntimeClasspath
com.google.j2objc:j2objc-annotations:3.0.0=testFixturesRuntimeClasspath,testRuntimeClasspath
com.jayway.jsonpath:json-path:2.9.0=testCompileClasspath,testRuntimeClasspath
com.sun.istack:istack-commons-runtime:4.1.2=testFixturesCompileClasspath,testFixturesRuntimeClasspath,testRuntimeClasspath
com.vaadin.external.google:android-json:0.0.20131108.vaadin1=testCompileClasspath,testRuntimeClasspath
commons-io:commons-io:2.11.0=compileClasspath,productionRuntimeClasspath,runtimeClasspath,testCompileClasspath,testFixturesRuntimeClasspath,testRuntimeClasspath
commons-logging:commons-logging:1.3.3=compileClasspath,productionRuntimeClasspath,runtimeClasspath,testCompileClasspath,testFixturesCompileClasspath,testFixturesRuntimeClasspath,testRuntimeClasspath
de.cronn:commons-lang:1.3=compileClasspath,productionRuntimeClasspath,runtimeClasspath,testCompileClasspath,testFixturesCompileClasspath,testFixturesRuntimeClasspath,testRuntimeClasspath
de.rototor.pdfbox:graphics2d:3.0.1=compileClasspath,productionRuntimeClasspath,runtimeClasspath,testCompileClasspath,testFixturesRuntimeClasspath,testRuntimeClasspath
io.github.openhtmltopdf:openhtmltopdf-core:1.1.24=compileClasspath,productionRuntimeClasspath,runtimeClasspath,testCompileClasspath,testFixturesRuntimeClasspath,testRuntimeClasspath
io.github.openhtmltopdf:openhtmltopdf-pdfbox:1.1.24=compileClasspath,productionRuntimeClasspath,runtimeClasspath,testCompileClasspath,testFixturesRuntimeClasspath,testRuntimeClasspath
io.github.openhtmltopdf:openhtmltopdf-slf4j:1.1.24=compileClasspath,productionRuntimeClasspath,runtimeClasspath,testCompileClasspath,testFixturesRuntimeClasspath,testRuntimeClasspath
io.github.openhtmltopdf:openhtmltopdf-svg-support:1.1.24=compileClasspath,productionRuntimeClasspath,runtimeClasspath,testCompileClasspath,testFixturesRuntimeClasspath,testRuntimeClasspath
io.micrometer:micrometer-commons:1.14.2=compileClasspath,productionRuntimeClasspath,runtimeClasspath,testCompileClasspath,testFixturesCompileClasspath,testFixturesRuntimeClasspath,testRuntimeClasspath
io.micrometer:micrometer-observation:1.14.2=compileClasspath,productionRuntimeClasspath,runtimeClasspath,testCompileClasspath,testFixturesCompileClasspath,testFixturesRuntimeClasspath,testRuntimeClasspath
io.swagger.core.v3:swagger-annotations-jakarta:2.2.28=compileClasspath,productionRuntimeClasspath,runtimeClasspath,testCompileClasspath,testFixturesRuntimeClasspath,testRuntimeClasspath
io.swagger.core.v3:swagger-annotations:2.2.28=productionRuntimeClasspath,runtimeClasspath,testFixturesRuntimeClasspath,testRuntimeClasspath
io.swagger.core.v3:swagger-core-jakarta:2.2.28=productionRuntimeClasspath,runtimeClasspath,testFixturesRuntimeClasspath,testRuntimeClasspath
io.swagger.core.v3:swagger-models-jakarta:2.2.28=productionRuntimeClasspath,runtimeClasspath,testFixturesRuntimeClasspath,testRuntimeClasspath
jakarta.activation:jakarta.activation-api:2.1.3=productionRuntimeClasspath,runtimeClasspath,testCompileClasspath,testFixturesCompileClasspath,testFixturesRuntimeClasspath,testRuntimeClasspath
jakarta.annotation:jakarta.annotation-api:2.1.1=testCompileClasspath,testRuntimeClasspath
jakarta.validation:jakarta.validation-api:3.0.2=compileClasspath,productionRuntimeClasspath,runtimeClasspath,testCompileClasspath,testFixturesRuntimeClasspath,testRuntimeClasspath
jakarta.xml.bind:jakarta.xml.bind-api:4.0.2=productionRuntimeClasspath,runtimeClasspath,testCompileClasspath,testFixturesCompileClasspath,testFixturesRuntimeClasspath,testRuntimeClasspath
net.bytebuddy:byte-buddy-agent:1.15.11=testCompileClasspath,testRuntimeClasspath
net.bytebuddy:byte-buddy:1.15.11=testCompileClasspath,testRuntimeClasspath
net.java.dev.stax-utils:stax-utils:20070216=testFixturesCompileClasspath,testFixturesRuntimeClasspath,testRuntimeClasspath
net.minidev:accessors-smart:2.5.1=testCompileClasspath,testRuntimeClasspath
net.minidev:json-smart:2.5.1=testCompileClasspath,testRuntimeClasspath
org.apache.commons:commons-lang3:3.17.0=productionRuntimeClasspath,runtimeClasspath,testFixturesRuntimeClasspath,testRuntimeClasspath
org.apache.logging.log4j:log4j-api:2.24.3=testCompileClasspath,testRuntimeClasspath
org.apache.logging.log4j:log4j-to-slf4j:2.24.3=testCompileClasspath,testRuntimeClasspath
org.apache.pdfbox:fontbox:3.0.3=compileClasspath,productionRuntimeClasspath,runtimeClasspath,testCompileClasspath,testFixturesCompileClasspath,testFixturesRuntimeClasspath,testRuntimeClasspath
org.apache.pdfbox:pdfbox-io:3.0.3=compileClasspath,productionRuntimeClasspath,runtimeClasspath,testCompileClasspath,testFixturesCompileClasspath,testFixturesRuntimeClasspath,testRuntimeClasspath
org.apache.pdfbox:pdfbox:3.0.3=compileClasspath,productionRuntimeClasspath,runtimeClasspath,testCompileClasspath,testFixturesCompileClasspath,testFixturesRuntimeClasspath,testRuntimeClasspath
org.apache.pdfbox:xmpbox:3.0.3=compileClasspath,productionRuntimeClasspath,runtimeClasspath,testCompileClasspath,testFixturesRuntimeClasspath,testRuntimeClasspath
org.apache.xmlgraphics:batik-anim:1.17=compileClasspath,productionRuntimeClasspath,runtimeClasspath,testCompileClasspath,testFixturesRuntimeClasspath,testRuntimeClasspath
org.apache.xmlgraphics:batik-awt-util:1.17=compileClasspath,productionRuntimeClasspath,runtimeClasspath,testCompileClasspath,testFixturesRuntimeClasspath,testRuntimeClasspath
org.apache.xmlgraphics:batik-bridge:1.17=compileClasspath,productionRuntimeClasspath,runtimeClasspath,testCompileClasspath,testFixturesRuntimeClasspath,testRuntimeClasspath
org.apache.xmlgraphics:batik-codec:1.17=compileClasspath,productionRuntimeClasspath,runtimeClasspath,testCompileClasspath,testFixturesRuntimeClasspath,testRuntimeClasspath
org.apache.xmlgraphics:batik-constants:1.17=compileClasspath,productionRuntimeClasspath,runtimeClasspath,testCompileClasspath,testFixturesRuntimeClasspath,testRuntimeClasspath
org.apache.xmlgraphics:batik-css:1.17=compileClasspath,productionRuntimeClasspath,runtimeClasspath,testCompileClasspath,testFixturesRuntimeClasspath,testRuntimeClasspath
org.apache.xmlgraphics:batik-dom:1.17=compileClasspath,productionRuntimeClasspath,runtimeClasspath,testCompileClasspath,testFixturesRuntimeClasspath,testRuntimeClasspath
org.apache.xmlgraphics:batik-ext:1.17=compileClasspath,productionRuntimeClasspath,runtimeClasspath,testCompileClasspath,testFixturesRuntimeClasspath,testRuntimeClasspath
org.apache.xmlgraphics:batik-gvt:1.17=compileClasspath,productionRuntimeClasspath,runtimeClasspath,testCompileClasspath,testFixturesRuntimeClasspath,testRuntimeClasspath
org.apache.xmlgraphics:batik-i18n:1.17=compileClasspath,productionRuntimeClasspath,runtimeClasspath,testCompileClasspath,testFixturesRuntimeClasspath,testRuntimeClasspath
org.apache.xmlgraphics:batik-parser:1.17=compileClasspath,productionRuntimeClasspath,runtimeClasspath,testCompileClasspath,testFixturesRuntimeClasspath,testRuntimeClasspath
org.apache.xmlgraphics:batik-script:1.17=compileClasspath,productionRuntimeClasspath,runtimeClasspath,testCompileClasspath,testFixturesRuntimeClasspath,testRuntimeClasspath
org.apache.xmlgraphics:batik-shared-resources:1.17=compileClasspath,productionRuntimeClasspath,runtimeClasspath,testCompileClasspath,testFixturesRuntimeClasspath,testRuntimeClasspath
org.apache.xmlgraphics:batik-svg-dom:1.17=compileClasspath,productionRuntimeClasspath,runtimeClasspath,testCompileClasspath,testFixturesRuntimeClasspath,testRuntimeClasspath
org.apache.xmlgraphics:batik-svggen:1.17=compileClasspath,productionRuntimeClasspath,runtimeClasspath,testCompileClasspath,testFixturesRuntimeClasspath,testRuntimeClasspath
org.apache.xmlgraphics:batik-transcoder:1.17=compileClasspath,productionRuntimeClasspath,runtimeClasspath,testCompileClasspath,testFixturesRuntimeClasspath,testRuntimeClasspath
org.apache.xmlgraphics:batik-util:1.17=compileClasspath,productionRuntimeClasspath,runtimeClasspath,testCompileClasspath,testFixturesRuntimeClasspath,testRuntimeClasspath
org.apache.xmlgraphics:batik-xml:1.17=compileClasspath,productionRuntimeClasspath,runtimeClasspath,testCompileClasspath,testFixturesRuntimeClasspath,testRuntimeClasspath
org.apache.xmlgraphics:xmlgraphics-commons:2.9=compileClasspath,productionRuntimeClasspath,runtimeClasspath,testCompileClasspath,testFixturesRuntimeClasspath,testRuntimeClasspath
org.apiguardian:apiguardian-api:1.1.2=testCompileClasspath
org.assertj:assertj-core:3.26.3=testCompileClasspath,testRuntimeClasspath
org.awaitility:awaitility:4.2.2=testCompileClasspath,testRuntimeClasspath
org.checkerframework:checker-qual:3.43.0=testFixturesRuntimeClasspath,testRuntimeClasspath
org.eclipse.angus:angus-activation:2.0.2=testFixturesRuntimeClasspath,testRuntimeClasspath
org.freemarker:freemarker:2.3.33=compileClasspath,productionRuntimeClasspath,runtimeClasspath,testCompileClasspath,testFixturesRuntimeClasspath,testRuntimeClasspath
org.glassfish.jaxb:jaxb-core:4.0.5=testFixturesCompileClasspath,testFixturesRuntimeClasspath,testRuntimeClasspath
org.glassfish.jaxb:jaxb-runtime:4.0.5=testFixturesCompileClasspath,testFixturesRuntimeClasspath,testRuntimeClasspath
org.glassfish.jaxb:txw2:4.0.5=testFixturesCompileClasspath,testFixturesRuntimeClasspath,testRuntimeClasspath
org.hamcrest:hamcrest:2.2=testCompileClasspath,testRuntimeClasspath
org.jacoco:org.jacoco.agent:0.8.12=jacocoAgent,jacocoAnt
org.jacoco:org.jacoco.ant:0.8.12=jacocoAnt
org.jacoco:org.jacoco.core:0.8.12=jacocoAnt
org.jacoco:org.jacoco.report:0.8.12=jacocoAnt
org.junit.jupiter:junit-jupiter-api:5.11.4=testCompileClasspath,testRuntimeClasspath
org.junit.jupiter:junit-jupiter-engine:5.11.4=testRuntimeClasspath
org.junit.jupiter:junit-jupiter-params:5.11.4=testCompileClasspath,testRuntimeClasspath
org.junit.jupiter:junit-jupiter:5.11.4=testCompileClasspath,testRuntimeClasspath
org.junit.platform:junit-platform-commons:1.11.4=testCompileClasspath,testRuntimeClasspath
org.junit.platform:junit-platform-engine:1.11.4=testRuntimeClasspath
org.junit.platform:junit-platform-launcher:1.11.4=testRuntimeClasspath
org.junit:junit-bom:5.11.4=testCompileClasspath,testRuntimeClasspath
org.mockito:mockito-core:5.14.2=testCompileClasspath,testRuntimeClasspath
org.mockito:mockito-junit-jupiter:5.14.2=testCompileClasspath,testRuntimeClasspath
org.mozilla:rhino:1.7.13=testFixturesCompileClasspath,testFixturesRuntimeClasspath,testRuntimeClasspath
org.objenesis:objenesis:3.3=testRuntimeClasspath
org.opentest4j:opentest4j:1.3.0=testCompileClasspath,testRuntimeClasspath
org.ow2.asm:asm-commons:9.7=jacocoAnt
org.ow2.asm:asm-tree:9.7=jacocoAnt
org.ow2.asm:asm:9.6=testCompileClasspath,testRuntimeClasspath
org.ow2.asm:asm:9.7=jacocoAnt
org.skyscreamer:jsonassert:1.5.3=testCompileClasspath,testRuntimeClasspath
org.slf4j:jul-to-slf4j:2.0.16=testCompileClasspath,testRuntimeClasspath
org.slf4j:slf4j-api:2.0.16=compileClasspath,productionRuntimeClasspath,runtimeClasspath,testCompileClasspath,testFixturesCompileClasspath,testFixturesRuntimeClasspath,testRuntimeClasspath
org.springdoc:springdoc-openapi-starter-common:2.8.4=productionRuntimeClasspath,runtimeClasspath,testFixturesRuntimeClasspath,testRuntimeClasspath
org.springframework.boot:spring-boot-autoconfigure:3.4.1=compileClasspath,productionRuntimeClasspath,runtimeClasspath,testCompileClasspath,testFixturesCompileClasspath,testFixturesRuntimeClasspath,testRuntimeClasspath
org.springframework.boot:spring-boot-starter-logging:3.4.1=testCompileClasspath,testRuntimeClasspath
org.springframework.boot:spring-boot-starter-test:3.4.1=testCompileClasspath,testRuntimeClasspath
org.springframework.boot:spring-boot-starter:3.4.1=testCompileClasspath,testRuntimeClasspath
org.springframework.boot:spring-boot-test-autoconfigure:3.4.1=testCompileClasspath,testRuntimeClasspath
org.springframework.boot:spring-boot-test:3.4.1=testCompileClasspath,testRuntimeClasspath
org.springframework.boot:spring-boot:3.4.1=compileClasspath,productionRuntimeClasspath,runtimeClasspath,testCompileClasspath,testFixturesCompileClasspath,testFixturesRuntimeClasspath,testRuntimeClasspath
org.springframework.data:spring-data-commons:3.4.1=testFixturesRuntimeClasspath,testRuntimeClasspath
org.springframework:spring-aop:6.2.1=compileClasspath,productionRuntimeClasspath,runtimeClasspath,testCompileClasspath,testFixturesCompileClasspath,testFixturesRuntimeClasspath,testRuntimeClasspath
org.springframework:spring-beans:6.2.1=compileClasspath,productionRuntimeClasspath,runtimeClasspath,testCompileClasspath,testFixturesCompileClasspath,testFixturesRuntimeClasspath,testRuntimeClasspath
org.springframework:spring-context:6.2.1=compileClasspath,productionRuntimeClasspath,runtimeClasspath,testCompileClasspath,testFixturesCompileClasspath,testFixturesRuntimeClasspath,testRuntimeClasspath
org.springframework:spring-core:6.2.1=compileClasspath,productionRuntimeClasspath,runtimeClasspath,testCompileClasspath,testFixturesCompileClasspath,testFixturesRuntimeClasspath,testRuntimeClasspath
org.springframework:spring-expression:6.2.1=compileClasspath,productionRuntimeClasspath,runtimeClasspath,testCompileClasspath,testFixturesCompileClasspath,testFixturesRuntimeClasspath,testRuntimeClasspath
org.springframework:spring-jcl:6.2.1=compileClasspath,productionRuntimeClasspath,runtimeClasspath,testCompileClasspath,testFixturesCompileClasspath,testFixturesRuntimeClasspath,testRuntimeClasspath
org.springframework:spring-test:6.2.1=testCompileClasspath,testRuntimeClasspath
org.springframework:spring-web:6.2.1=compileClasspath,productionRuntimeClasspath,runtimeClasspath,testCompileClasspath,testFixturesRuntimeClasspath,testRuntimeClasspath
org.verapdf:core-jakarta:1.26.5=testFixturesCompileClasspath,testFixturesRuntimeClasspath,testRuntimeClasspath
org.verapdf:feature-reporting-jakarta:1.26.5=testFixturesCompileClasspath,testFixturesRuntimeClasspath,testRuntimeClasspath
org.verapdf:metadata-fixer-jakarta:1.26.5=testFixturesCompileClasspath,testFixturesRuntimeClasspath,testRuntimeClasspath
org.verapdf:parser:1.26.1=testFixturesCompileClasspath,testFixturesRuntimeClasspath,testRuntimeClasspath
org.verapdf:pdf-model:1.26.1=testFixturesCompileClasspath,testFixturesRuntimeClasspath,testRuntimeClasspath
org.verapdf:validation-model-jakarta:1.26.5=testFixturesCompileClasspath,testFixturesRuntimeClasspath,testRuntimeClasspath
org.verapdf:verapdf-xmp-core-jakarta:1.26.5=testFixturesCompileClasspath,testFixturesRuntimeClasspath,testRuntimeClasspath
org.xmlunit:xmlunit-core:2.10.0=testCompileClasspath,testRuntimeClasspath
org.yaml:snakeyaml:2.3=productionRuntimeClasspath,runtimeClasspath,testCompileClasspath,testFixturesRuntimeClasspath,testRuntimeClasspath
xml-apis:xml-apis-ext:1.3.04=compileClasspath,productionRuntimeClasspath,runtimeClasspath,testCompileClasspath,testFixturesRuntimeClasspath,testRuntimeClasspath
xml-apis:xml-apis:1.4.01=compileClasspath,productionRuntimeClasspath,runtimeClasspath,testCompileClasspath,testFixturesRuntimeClasspath,testRuntimeClasspath
empty=annotationProcessor,developmentOnly,testAndDevelopmentOnly,testAnnotationProcessor,testFixturesAnnotationProcessor
