# This is a Gradle generated file for dependency locking.
# Manual edits can break the build and are not advised.
# This file is expected to be part of source control.
ch.qos.logback:logback-classic:1.5.20=productionRuntimeClasspath,runtimeClasspath,testCompileClasspath,testFixturesRuntimeClasspath,testRuntimeClasspath
ch.qos.logback:logback-core:1.5.20=productionRuntimeClasspath,runtimeClasspath,testCompileClasspath,testFixturesRuntimeClasspath,testRuntimeClasspath
com.beust:jcommander:1.82=testCompileClasspath,testRuntimeClasspath
com.fasterxml.jackson.core:jackson-annotations:2.19.2=compileClasspath,productionRuntimeClasspath,runtimeClasspath,testCompileClasspath,testFixturesCompileClasspath,testFixturesRuntimeClasspath,testRuntimeClasspath
com.fasterxml.jackson.core:jackson-core:2.19.2=productionRuntimeClasspath,runtimeClasspath,testFixturesCompileClasspath,testFixturesRuntimeClasspath,testRuntimeClasspath
com.fasterxml.jackson.core:jackson-databind:2.19.2=productionRuntimeClasspath,runtimeClasspath,testFixturesCompileClasspath,testFixturesRuntimeClasspath,testRuntimeClasspath
com.fasterxml.jackson.dataformat:jackson-dataformat-yaml:2.19.2=productionRuntimeClasspath,runtimeClasspath,testFixturesRuntimeClasspath,testRuntimeClasspath
com.fasterxml.jackson.datatype:jackson-datatype-jsr310:2.19.2=productionRuntimeClasspath,runtimeClasspath,testFixturesRuntimeClasspath,testRuntimeClasspath
com.fasterxml.jackson:jackson-bom:2.19.2=compileClasspath,productionRuntimeClasspath,runtimeClasspath,testCompileClasspath,testFixturesCompileClasspath,testFixturesRuntimeClasspath,testRuntimeClasspath
com.fasterxml:classmate:1.7.1=productionRuntimeClasspath,runtimeClasspath,testFixturesRuntimeClasspath,testRuntimeClasspath
com.github.docker-java:docker-java-api:3.4.2=testRuntimeClasspath
com.github.docker-java:docker-java-transport-zerodep:3.4.2=testRuntimeClasspath
com.github.docker-java:docker-java-transport:3.4.2=testRuntimeClasspath
com.github.gavlyukovskiy:datasource-decorator-spring-boot-autoconfigure:1.12.0=testRuntimeClasspath
com.github.gavlyukovskiy:datasource-proxy-spring-boot-starter:1.12.0=testRuntimeClasspath
com.github.jai-imageio:jai-imageio-core:1.4.0=testRuntimeClasspath
com.google.errorprone:error_prone_annotations:2.41.0=testFixturesRuntimeClasspath,testRuntimeClasspath
com.google.guava:failureaccess:1.0.3=testFixturesRuntimeClasspath,testRuntimeClasspath
com.google.guava:guava:33.5.0-jre=testFixturesRuntimeClasspath,testRuntimeClasspath
com.google.guava:listenablefuture:9999.0-empty-to-avoid-conflict-with-guava=testFixturesRuntimeClasspath,testRuntimeClasspath
com.google.j2objc:j2objc-annotations:3.1=testFixturesRuntimeClasspath,testRuntimeClasspath
com.google.zxing:core:3.5.3=compileClasspath,productionRuntimeClasspath,runtimeClasspath,testCompileClasspath,testFixturesRuntimeClasspath,testRuntimeClasspath
com.google.zxing:javase:3.5.3=testCompileClasspath,testRuntimeClasspath
com.googlecode.java-diff-utils:diffutils:1.3.0=testCompileClasspath,testFixturesCompileClasspath,testFixturesRuntimeClasspath,testRuntimeClasspath
com.jayway.jsonpath:json-path:2.9.0=testCompileClasspath,testRuntimeClasspath
com.sun.istack:istack-commons-runtime:4.1.2=testFixturesCompileClasspath,testFixturesRuntimeClasspath,testRuntimeClasspath
com.tngtech.archunit:archunit-junit5-api:1.4.1=testRuntimeClasspath
com.tngtech.archunit:archunit-junit5-engine-api:1.4.1=testRuntimeClasspath
com.tngtech.archunit:archunit-junit5-engine:1.4.1=testRuntimeClasspath
com.tngtech.archunit:archunit-junit5:1.4.1=testRuntimeClasspath
com.tngtech.archunit:archunit:1.4.1=testRuntimeClasspath
com.vaadin.external.google:android-json:0.0.20131108.vaadin1=testCompileClasspath,testRuntimeClasspath
commons-io:commons-io:2.17.0=compileClasspath,productionRuntimeClasspath,runtimeClasspath,testCompileClasspath,testFixturesRuntimeClasspath,testRuntimeClasspath
commons-logging:commons-logging:1.3.3=compileClasspath,productionRuntimeClasspath,runtimeClasspath,testCompileClasspath,testRuntimeClasspath
commons-logging:commons-logging:1.3.5=testFixturesCompileClasspath,testFixturesRuntimeClasspath
de.cronn:commons-lang:1.5=compileClasspath,productionRuntimeClasspath,runtimeClasspath,testCompileClasspath,testFixturesCompileClasspath,testFixturesRuntimeClasspath,testRuntimeClasspath
de.cronn:postgres-snapshot-util:1.4=testRuntimeClasspath
de.cronn:test-utils:1.1.1=testCompileClasspath,testFixturesCompileClasspath,testFixturesRuntimeClasspath,testRuntimeClasspath
de.cronn:validation-file-assertions:0.8.0=testCompileClasspath,testFixturesCompileClasspath,testFixturesRuntimeClasspath,testRuntimeClasspath
de.rototor.pdfbox:graphics2d:3.0.1=compileClasspath,productionRuntimeClasspath,runtimeClasspath,testCompileClasspath,testFixturesRuntimeClasspath,testRuntimeClasspath
io.github.openhtmltopdf:openhtmltopdf-core:1.1.31=compileClasspath,productionRuntimeClasspath,runtimeClasspath,testCompileClasspath,testFixturesRuntimeClasspath,testRuntimeClasspath
io.github.openhtmltopdf:openhtmltopdf-pdfbox:1.1.31=compileClasspath,productionRuntimeClasspath,runtimeClasspath,testCompileClasspath,testFixturesRuntimeClasspath,testRuntimeClasspath
io.github.openhtmltopdf:openhtmltopdf-slf4j:1.1.31=compileClasspath,productionRuntimeClasspath,runtimeClasspath,testCompileClasspath,testFixturesRuntimeClasspath,testRuntimeClasspath
io.github.openhtmltopdf:openhtmltopdf-svg-support:1.1.31=compileClasspath,productionRuntimeClasspath,runtimeClasspath,testCompileClasspath,testFixturesRuntimeClasspath,testRuntimeClasspath
io.micrometer:micrometer-commons:1.15.5=compileClasspath,productionRuntimeClasspath,runtimeClasspath,testCompileClasspath,testFixturesCompileClasspath,testFixturesRuntimeClasspath,testRuntimeClasspath
io.micrometer:micrometer-observation:1.15.5=compileClasspath,productionRuntimeClasspath,runtimeClasspath,testCompileClasspath,testFixturesCompileClasspath,testFixturesRuntimeClasspath,testRuntimeClasspath
io.swagger.core.v3:swagger-annotations-jakarta:2.2.40=compileClasspath,productionRuntimeClasspath,runtimeClasspath,testCompileClasspath,testFixturesRuntimeClasspath,testRuntimeClasspath
io.swagger.core.v3:swagger-annotations:2.2.40=productionRuntimeClasspath,runtimeClasspath,testFixturesRuntimeClasspath,testRuntimeClasspath
io.swagger.core.v3:swagger-core-jakarta:2.2.38=productionRuntimeClasspath,runtimeClasspath,testFixturesRuntimeClasspath,testRuntimeClasspath
io.swagger.core.v3:swagger-models-jakarta:2.2.38=productionRuntimeClasspath,runtimeClasspath,testFixturesRuntimeClasspath,testRuntimeClasspath
jakarta.activation:jakarta.activation-api:2.1.4=productionRuntimeClasspath,runtimeClasspath,testCompileClasspath,testFixturesCompileClasspath,testFixturesRuntimeClasspath,testRuntimeClasspath
jakarta.annotation:jakarta.annotation-api:2.1.1=productionRuntimeClasspath,runtimeClasspath,testCompileClasspath,testFixturesRuntimeClasspath,testRuntimeClasspath
jakarta.validation:jakarta.validation-api:3.0.2=compileClasspath,productionRuntimeClasspath,runtimeClasspath,testCompileClasspath,testFixturesRuntimeClasspath,testRuntimeClasspath
jakarta.xml.bind:jakarta.xml.bind-api:4.0.4=productionRuntimeClasspath,runtimeClasspath,testCompileClasspath,testFixturesCompileClasspath,testFixturesRuntimeClasspath,testRuntimeClasspath
junit:junit:4.13.2=testRuntimeClasspath
net.bytebuddy:byte-buddy-agent:1.17.8=testCompileClasspath,testRuntimeClasspath
net.bytebuddy:byte-buddy:1.17.8=testCompileClasspath,testRuntimeClasspath
net.java.dev.jna:jna:5.13.0=testRuntimeClasspath
net.java.dev.stax-utils:stax-utils:20070216=testFixturesCompileClasspath,testFixturesRuntimeClasspath,testRuntimeClasspath
net.minidev:accessors-smart:2.5.2=testCompileClasspath,testRuntimeClasspath
net.minidev:json-smart:2.5.2=testCompileClasspath,testRuntimeClasspath
net.ttddyy:datasource-proxy:1.11.0=testRuntimeClasspath
org.apache.commons:commons-compress:1.24.0=testRuntimeClasspath
org.apache.commons:commons-lang3:3.17.0=productionRuntimeClasspath,runtimeClasspath,testFixturesRuntimeClasspath,testRuntimeClasspath
org.apache.logging.log4j:log4j-api:2.24.3=productionRuntimeClasspath,runtimeClasspath,testCompileClasspath,testFixturesRuntimeClasspath,testRuntimeClasspath
org.apache.logging.log4j:log4j-to-slf4j:2.24.3=productionRuntimeClasspath,runtimeClasspath,testCompileClasspath,testFixturesRuntimeClasspath,testRuntimeClasspath
org.apache.pdfbox:fontbox:3.0.3=compileClasspath,productionRuntimeClasspath,runtimeClasspath,testCompileClasspath,testRuntimeClasspath
org.apache.pdfbox:fontbox:3.0.6=testFixturesCompileClasspath,testFixturesRuntimeClasspath
org.apache.pdfbox:pdfbox-io:3.0.3=compileClasspath,productionRuntimeClasspath,runtimeClasspath,testCompileClasspath,testRuntimeClasspath
org.apache.pdfbox:pdfbox-io:3.0.6=testFixturesCompileClasspath,testFixturesRuntimeClasspath
org.apache.pdfbox:pdfbox:3.0.3=compileClasspath,productionRuntimeClasspath,runtimeClasspath,testCompileClasspath,testRuntimeClasspath
org.apache.pdfbox:pdfbox:3.0.6=testFixturesCompileClasspath,testFixturesRuntimeClasspath
org.apache.pdfbox:xmpbox:3.0.3=compileClasspath,productionRuntimeClasspath,runtimeClasspath,testCompileClasspath,testFixturesRuntimeClasspath,testRuntimeClasspath
org.apache.tomcat.embed:tomcat-embed-el:10.1.48=productionRuntimeClasspath,runtimeClasspath,testFixturesRuntimeClasspath,testRuntimeClasspath
org.apache.xmlgraphics:batik-anim:1.17=compileClasspath,productionRuntimeClasspath,runtimeClasspath,testCompileClasspath,testFixturesRuntimeClasspath,testRuntimeClasspath
org.apache.xmlgraphics:batik-awt-util:1.19=compileClasspath,productionRuntimeClasspath,runtimeClasspath,testCompileClasspath,testFixturesRuntimeClasspath,testRuntimeClasspath
org.apache.xmlgraphics:batik-bridge:1.17=compileClasspath,productionRuntimeClasspath,runtimeClasspath,testCompileClasspath,testFixturesRuntimeClasspath,testRuntimeClasspath
org.apache.xmlgraphics:batik-codec:1.17=compileClasspath,productionRuntimeClasspath,runtimeClasspath,testCompileClasspath,testFixturesRuntimeClasspath,testRuntimeClasspath
org.apache.xmlgraphics:batik-constants:1.19=compileClasspath,productionRuntimeClasspath,runtimeClasspath,testCompileClasspath,testFixturesRuntimeClasspath,testRuntimeClasspath
org.apache.xmlgraphics:batik-css:1.19=compileClasspath,productionRuntimeClasspath,runtimeClasspath,testCompileClasspath,testFixturesRuntimeClasspath,testRuntimeClasspath
org.apache.xmlgraphics:batik-dom:1.19=compileClasspath,productionRuntimeClasspath,runtimeClasspath,testCompileClasspath,testFixturesRuntimeClasspath,testRuntimeClasspath
org.apache.xmlgraphics:batik-ext:1.19=compileClasspath,productionRuntimeClasspath,runtimeClasspath,testCompileClasspath,testFixturesRuntimeClasspath,testRuntimeClasspath
org.apache.xmlgraphics:batik-gvt:1.17=compileClasspath,productionRuntimeClasspath,runtimeClasspath,testCompileClasspath,testFixturesRuntimeClasspath,testRuntimeClasspath
org.apache.xmlgraphics:batik-i18n:1.19=compileClasspath,productionRuntimeClasspath,runtimeClasspath,testCompileClasspath,testFixturesRuntimeClasspath,testRuntimeClasspath
org.apache.xmlgraphics:batik-parser:1.17=compileClasspath,productionRuntimeClasspath,runtimeClasspath,testCompileClasspath,testFixturesRuntimeClasspath,testRuntimeClasspath
org.apache.xmlgraphics:batik-script:1.17=compileClasspath,productionRuntimeClasspath,runtimeClasspath,testCompileClasspath,testFixturesRuntimeClasspath,testRuntimeClasspath
org.apache.xmlgraphics:batik-shared-resources:1.19=compileClasspath,productionRuntimeClasspath,runtimeClasspath,testCompileClasspath,testFixturesRuntimeClasspath,testRuntimeClasspath
org.apache.xmlgraphics:batik-svg-dom:1.17=compileClasspath,productionRuntimeClasspath,runtimeClasspath,testCompileClasspath,testFixturesRuntimeClasspath,testRuntimeClasspath
org.apache.xmlgraphics:batik-svggen:1.19=compileClasspath,productionRuntimeClasspath,runtimeClasspath,testCompileClasspath,testFixturesRuntimeClasspath,testRuntimeClasspath
org.apache.xmlgraphics:batik-transcoder:1.17=compileClasspath,productionRuntimeClasspath,runtimeClasspath,testCompileClasspath,testFixturesRuntimeClasspath,testRuntimeClasspath
org.apache.xmlgraphics:batik-util:1.19=compileClasspath,productionRuntimeClasspath,runtimeClasspath,testCompileClasspath,testFixturesRuntimeClasspath,testRuntimeClasspath
org.apache.xmlgraphics:batik-xml:1.19=compileClasspath,productionRuntimeClasspath,runtimeClasspath,testCompileClasspath,testFixturesRuntimeClasspath,testRuntimeClasspath
org.apache.xmlgraphics:xmlgraphics-commons:2.11=compileClasspath,productionRuntimeClasspath,runtimeClasspath,testCompileClasspath,testFixturesRuntimeClasspath,testRuntimeClasspath
org.apiguardian:apiguardian-api:1.1.2=testCompileClasspath,testFixturesCompileClasspath
org.assertj:assertj-core:3.27.6=testCompileClasspath,testRuntimeClasspath
org.awaitility:awaitility:4.2.2=testCompileClasspath,testRuntimeClasspath
org.bouncycastle:bcpkix-jdk18on:1.82=testRuntimeClasspath
org.bouncycastle:bcprov-jdk18on:1.82=testRuntimeClasspath
org.bouncycastle:bcutil-jdk18on:1.82=testRuntimeClasspath
org.checkerframework:checker-qual:3.49.5=testRuntimeClasspath
org.eclipse.angus:angus-activation:2.0.3=testFixturesRuntimeClasspath,testRuntimeClasspath
org.freemarker:freemarker:2.3.34=compileClasspath,productionRuntimeClasspath,runtimeClasspath,testCompileClasspath,testFixturesRuntimeClasspath,testRuntimeClasspath
org.glassfish.jaxb:jaxb-core:4.0.6=testFixturesCompileClasspath,testFixturesRuntimeClasspath,testRuntimeClasspath
org.glassfish.jaxb:jaxb-runtime:4.0.6=testFixturesCompileClasspath,testFixturesRuntimeClasspath,testRuntimeClasspath
org.glassfish.jaxb:txw2:4.0.6=testFixturesCompileClasspath,testFixturesRuntimeClasspath,testRuntimeClasspath
org.hamcrest:hamcrest-core:3.0=testRuntimeClasspath
org.hamcrest:hamcrest:3.0=testCompileClasspath,testRuntimeClasspath
org.hibernate.validator:hibernate-validator:8.0.3.Final=productionRuntimeClasspath,runtimeClasspath,testFixturesRuntimeClasspath,testRuntimeClasspath
org.jacoco:org.jacoco.agent:0.8.13=jacocoAgent,jacocoAnt
org.jacoco:org.jacoco.ant:0.8.13=jacocoAnt
org.jacoco:org.jacoco.core:0.8.13=jacocoAnt
org.jacoco:org.jacoco.report:0.8.13=jacocoAnt
org.jboss.logging:jboss-logging:3.6.1.Final=productionRuntimeClasspath,runtimeClasspath,testFixturesRuntimeClasspath,testRuntimeClasspath
org.jetbrains:annotations:17.0.0=testRuntimeClasspath
org.jspecify:jspecify:1.0.0=testFixturesRuntimeClasspath,testRuntimeClasspath
org.junit.jupiter:junit-jupiter-api:5.12.2=testCompileClasspath,testFixturesCompileClasspath,testFixturesRuntimeClasspath,testRuntimeClasspath
org.junit.jupiter:junit-jupiter-engine:5.12.2=testRuntimeClasspath
org.junit.jupiter:junit-jupiter-params:5.12.2=testCompileClasspath,testRuntimeClasspath
org.junit.jupiter:junit-jupiter:5.12.2=testCompileClasspath,testRuntimeClasspath
org.junit.platform:junit-platform-commons:1.12.2=testCompileClasspath,testFixturesCompileClasspath,testFixturesRuntimeClasspath,testRuntimeClasspath
org.junit.platform:junit-platform-engine:1.12.2=testRuntimeClasspath
org.junit.platform:junit-platform-launcher:1.12.2=testRuntimeClasspath
org.junit:junit-bom:5.12.2=testCompileClasspath,testFixturesCompileClasspath,testFixturesRuntimeClasspath,testRuntimeClasspath
org.mockito:mockito-core:5.17.0=testCompileClasspath,testRuntimeClasspath
org.mockito:mockito-junit-jupiter:5.17.0=testCompileClasspath,testRuntimeClasspath
org.mozilla:rhino:1.7.13=testFixturesCompileClasspath,testFixturesRuntimeClasspath,testRuntimeClasspath
org.objenesis:objenesis:3.3=testRuntimeClasspath
org.opentest4j:opentest4j:1.3.0=testCompileClasspath,testFixturesCompileClasspath,testFixturesRuntimeClasspath,testRuntimeClasspath
org.ow2.asm:asm-commons:9.8=jacocoAnt
org.ow2.asm:asm-tree:9.8=jacocoAnt
org.ow2.asm:asm:9.7.1=testCompileClasspath,testRuntimeClasspath
org.ow2.asm:asm:9.8=jacocoAnt
org.postgresql:postgresql:42.7.8=testRuntimeClasspath
org.rnorth.duct-tape:duct-tape:1.0.8=testRuntimeClasspath
org.skyscreamer:jsonassert:1.5.3=testCompileClasspath,testRuntimeClasspath
org.slf4j:jul-to-slf4j:2.0.17=productionRuntimeClasspath,runtimeClasspath,testCompileClasspath,testFixturesRuntimeClasspath,testRuntimeClasspath
org.slf4j:slf4j-api:2.0.17=compileClasspath,productionRuntimeClasspath,runtimeClasspath,testCompileClasspath,testFixturesCompileClasspath,testFixturesRuntimeClasspath,testRuntimeClasspath
org.springdoc:springdoc-openapi-starter-common:2.8.14=productionRuntimeClasspath,runtimeClasspath,testFixturesRuntimeClasspath,testRuntimeClasspath
org.springframework.boot:spring-boot-actuator-autoconfigure:3.5.7=testRuntimeClasspath
org.springframework.boot:spring-boot-actuator:3.5.7=testRuntimeClasspath
org.springframework.boot:spring-boot-autoconfigure:3.5.7=compileClasspath,productionRuntimeClasspath,runtimeClasspath,testCompileClasspath,testFixturesCompileClasspath,testFixturesRuntimeClasspath,testRuntimeClasspath
org.springframework.boot:spring-boot-dependencies:3.5.3=testRuntimeClasspath
org.springframework.boot:spring-boot-starter-logging:3.5.7=productionRuntimeClasspath,runtimeClasspath,testCompileClasspath,testFixturesRuntimeClasspath,testRuntimeClasspath
org.springframework.boot:spring-boot-starter-test:3.5.7=testCompileClasspath,testRuntimeClasspath
org.springframework.boot:spring-boot-starter-validation:3.5.7=productionRuntimeClasspath,runtimeClasspath,testFixturesRuntimeClasspath,testRuntimeClasspath
org.springframework.boot:spring-boot-starter:3.5.7=productionRuntimeClasspath,runtimeClasspath,testCompileClasspath,testFixturesRuntimeClasspath,testRuntimeClasspath
org.springframework.boot:spring-boot-test-autoconfigure:3.5.7=testCompileClasspath,testRuntimeClasspath
org.springframework.boot:spring-boot-test:3.5.7=testCompileClasspath,testRuntimeClasspath
org.springframework.boot:spring-boot:3.5.7=compileClasspath,productionRuntimeClasspath,runtimeClasspath,testCompileClasspath,testFixturesCompileClasspath,testFixturesRuntimeClasspath,testRuntimeClasspath
org.springframework.data:spring-data-commons:3.5.5=testFixturesRuntimeClasspath,testRuntimeClasspath
org.springframework:spring-aop:6.2.12=compileClasspath,productionRuntimeClasspath,runtimeClasspath,testCompileClasspath,testFixturesCompileClasspath,testFixturesRuntimeClasspath,testRuntimeClasspath
org.springframework:spring-beans:6.2.12=compileClasspath,productionRuntimeClasspath,runtimeClasspath,testCompileClasspath,testFixturesCompileClasspath,testFixturesRuntimeClasspath,testRuntimeClasspath
org.springframework:spring-context:6.2.12=compileClasspath,productionRuntimeClasspath,runtimeClasspath,testCompileClasspath,testFixturesCompileClasspath,testFixturesRuntimeClasspath,testRuntimeClasspath
org.springframework:spring-core:6.2.12=compileClasspath,productionRuntimeClasspath,runtimeClasspath,testCompileClasspath,testFixturesCompileClasspath,testFixturesRuntimeClasspath,testRuntimeClasspath
org.springframework:spring-expression:6.2.12=compileClasspath,productionRuntimeClasspath,runtimeClasspath,testCompileClasspath,testFixturesCompileClasspath,testFixturesRuntimeClasspath,testRuntimeClasspath
org.springframework:spring-jcl:6.2.12=compileClasspath,productionRuntimeClasspath,runtimeClasspath,testCompileClasspath,testFixturesCompileClasspath,testFixturesRuntimeClasspath,testRuntimeClasspath
org.springframework:spring-test:6.2.12=testCompileClasspath,testRuntimeClasspath
org.springframework:spring-web:6.2.12=compileClasspath,productionRuntimeClasspath,runtimeClasspath,testCompileClasspath,testFixturesRuntimeClasspath,testRuntimeClasspath
org.springframework:spring-webmvc:6.2.12=testRuntimeClasspath
org.testcontainers:testcontainers:1.21.3=testRuntimeClasspath
org.verapdf:core-jakarta:1.28.2=testFixturesCompileClasspath,testFixturesRuntimeClasspath,testRuntimeClasspath
org.verapdf:feature-reporting-jakarta:1.28.2=testFixturesCompileClasspath,testFixturesRuntimeClasspath,testRuntimeClasspath
org.verapdf:metadata-fixer-jakarta:1.28.2=testFixturesCompileClasspath,testFixturesRuntimeClasspath,testRuntimeClasspath
org.verapdf:parser:1.28.2=testFixturesCompileClasspath,testFixturesRuntimeClasspath,testRuntimeClasspath
org.verapdf:pdf-model:1.28.2=testFixturesCompileClasspath,testFixturesRuntimeClasspath,testRuntimeClasspath
org.verapdf:validation-model-jakarta:1.28.2=testFixturesCompileClasspath,testFixturesRuntimeClasspath,testRuntimeClasspath
org.verapdf:verapdf-xmp-core-jakarta:1.28.2=testFixturesCompileClasspath,testFixturesRuntimeClasspath,testRuntimeClasspath
org.xmlunit:xmlunit-core:2.10.4=testCompileClasspath,testRuntimeClasspath
org.yaml:snakeyaml:2.4=productionRuntimeClasspath,runtimeClasspath,testCompileClasspath,testFixturesRuntimeClasspath,testRuntimeClasspath
xml-apis:xml-apis-ext:1.3.04=compileClasspath,productionRuntimeClasspath,runtimeClasspath,testCompileClasspath,testFixturesRuntimeClasspath,testRuntimeClasspath
xml-apis:xml-apis:1.4.01=compileClasspath,productionRuntimeClasspath,runtimeClasspath,testCompileClasspath,testFixturesRuntimeClasspath,testRuntimeClasspath
empty=annotationProcessor,developmentOnly,testAndDevelopmentOnly,testAnnotationProcessor,testFixturesAnnotationProcessor
