# This is a Gradle generated file for dependency locking.
# Manual edits can break the build and are not advised.
# This file is expected to be part of source control.
com.avast.gradle.docker-compose:com.avast.gradle.docker-compose.gradle.plugin:0.17.19=buildScriptClasspath,compileClasspath
com.avast.gradle:gradle-docker-compose-plugin:0.17.19=buildScriptClasspath,compileClasspath
com.bmuschko.docker-remote-api:com.bmuschko.docker-remote-api.gradle.plugin:10.0.0=buildScriptClasspath,compileClasspath
com.bmuschko:gradle-docker-plugin:10.0.0=buildScriptClasspath,compileClasspath
com.fasterxml.jackson.core:jackson-annotations:2.20=buildScriptClasspath
com.fasterxml.jackson.core:jackson-core:2.20.1=buildScriptClasspath
com.fasterxml.jackson.core:jackson-databind:2.20.1=buildScriptClasspath
com.fasterxml.jackson.dataformat:jackson-dataformat-yaml:2.20.1=buildScriptClasspath
com.fasterxml.jackson.datatype:jackson-datatype-guava:2.20.1=buildScriptClasspath
com.fasterxml.jackson.datatype:jackson-datatype-joda:2.20.1=buildScriptClasspath
com.fasterxml.jackson.datatype:jackson-datatype-jsr310:2.20.1=buildScriptClasspath
com.fasterxml.jackson:jackson-bom:2.20.1=buildScriptClasspath
com.github.ben-manes.caffeine:caffeine:2.9.3=buildScriptClasspath
com.github.curious-odd-man:rgxgen:1.4=buildScriptClasspath
com.github.java-json-tools:btf:1.3=buildScriptClasspath
com.github.java-json-tools:jackson-coreutils-equivalence:1.0=buildScriptClasspath
com.github.java-json-tools:jackson-coreutils:2.0=buildScriptClasspath
com.github.java-json-tools:json-patch:1.13=buildScriptClasspath
com.github.java-json-tools:json-schema-core:1.2.14=buildScriptClasspath
com.github.java-json-tools:json-schema-validator:2.2.14=buildScriptClasspath
com.github.java-json-tools:msg-simple:1.2=buildScriptClasspath
com.github.java-json-tools:uri-template:0.10=buildScriptClasspath
com.github.jknack:handlebars-jackson2:4.3.1=buildScriptClasspath
com.github.jknack:handlebars:4.3.1=buildScriptClasspath
com.github.joschi.jackson:jackson-datatype-threetenbp:2.15.2=buildScriptClasspath
com.github.mifmif:generex:1.0.2=buildScriptClasspath
com.github.node-gradle:gradle-node-plugin:7.1.0=buildScriptClasspath,compileClasspath
com.google.code.findbugs:jsr305:3.0.2=buildScriptClasspath
com.google.errorprone:error_prone_annotations:2.21.1=buildScriptClasspath
com.google.guava:failureaccess:1.0.1=buildScriptClasspath
com.google.guava:guava:32.1.3-jre=buildScriptClasspath
com.google.guava:listenablefuture:9999.0-empty-to-avoid-conflict-with-guava=buildScriptClasspath
com.googlecode.libphonenumber:libphonenumber:8.11.1=buildScriptClasspath
com.samskivert:jmustache:1.15=buildScriptClasspath
commons-cli:commons-cli:1.5.0=buildScriptClasspath
commons-codec:commons-codec:1.11=buildScriptClasspath
commons-io:commons-io:2.14.0=buildScriptClasspath
commons-logging:commons-logging:1.2=buildScriptClasspath
dk.brics.automaton:automaton:1.11-8=buildScriptClasspath
io.swagger.core.v3:swagger-annotations:2.2.17=buildScriptClasspath
io.swagger.core.v3:swagger-core:2.2.17=buildScriptClasspath
io.swagger.core.v3:swagger-models:2.2.17=buildScriptClasspath
io.swagger.parser.v3:swagger-parser-core:2.1.18=buildScriptClasspath
io.swagger.parser.v3:swagger-parser-safe-url-resolver:2.1.18=buildScriptClasspath
io.swagger.parser.v3:swagger-parser-v2-converter:2.1.18=buildScriptClasspath
io.swagger.parser.v3:swagger-parser-v3:2.1.18=buildScriptClasspath
io.swagger.parser.v3:swagger-parser:2.1.18=buildScriptClasspath
io.swagger:swagger-annotations:1.6.12=buildScriptClasspath
io.swagger:swagger-compat-spec-parser:1.0.68=buildScriptClasspath
io.swagger:swagger-core:1.6.12=buildScriptClasspath
io.swagger:swagger-models:1.6.12=buildScriptClasspath
io.swagger:swagger-parser:1.0.68=buildScriptClasspath
jakarta.activation:jakarta.activation-api:1.2.2=buildScriptClasspath
jakarta.validation:jakarta.validation-api:2.0.2=buildScriptClasspath
jakarta.xml.bind:jakarta.xml.bind-api:2.3.3=buildScriptClasspath
javax.validation:validation-api:1.1.0.Final=buildScriptClasspath
joda-time:joda-time:2.12.7=buildScriptClasspath
net.java.dev.jna:jna:5.12.1=buildScriptClasspath
net.sf.jopt-simple:jopt-simple:5.0.4=buildScriptClasspath
org.apache.commons:commons-lang3:3.13.0=buildScriptClasspath
org.apache.commons:commons-text:1.10.0=buildScriptClasspath
org.apache.httpcomponents:httpclient:4.5.14=buildScriptClasspath
org.apache.httpcomponents:httpcore:4.4.16=buildScriptClasspath
org.checkerframework:checker-qual:3.37.0=buildScriptClasspath
org.commonmark:commonmark:0.21.0=buildScriptClasspath
org.mozilla:rhino:1.7.7.2=buildScriptClasspath
org.openapitools:openapi-generator-core:7.3.0=buildScriptClasspath
org.openapitools:openapi-generator-gradle-plugin:7.3.0=buildScriptClasspath,compileClasspath
org.openapitools:openapi-generator:7.3.0=buildScriptClasspath
org.projectlombok:lombok:1.18.30=buildScriptClasspath
org.slf4j:slf4j-api:2.0.9=buildScriptClasspath
org.slf4j:slf4j-ext:1.7.36=buildScriptClasspath
org.slf4j:slf4j-simple:1.7.36=buildScriptClasspath
org.threeten:threetenbp:1.6.8=buildScriptClasspath
org.yaml:snakeyaml:2.5=buildScriptClasspath
empty=annotationProcessor
